<?xml version="1.0" encoding="utf-8"?>
<Project ToolsVersion="4.0" xmlns="http://schemas.microsoft.com/developer/msbuild/2003">
  <ItemGroup>
    <ClCompile Include="lib\ImageLoadTracker.cpp" />
    <ClCompile Include="lib\Util.cpp" />
    <ClCompile Include="lib\XamlBuilder.cpp" />
    <ClCompile Include="dll\dll.cpp" />
    <ClCompile Include="lib\AdaptiveActionEventArgs.cpp" />
    <ClCompile Include="lib\AdaptiveColorConfig.cpp" />
    <ClCompile Include="lib\AdaptiveCardConfig.cpp" />
    <ClCompile Include="lib\AdaptiveColorsConfig.cpp" />
    <ClCompile Include="lib\AdaptiveFactSetConfig.cpp" />
    <ClCompile Include="lib\AdaptiveHostConfig.cpp" />
    <ClCompile Include="lib\AdaptiveImageSetConfig.cpp" />
    <ClCompile Include="lib\AdaptiveFactSetTextConfig.cpp" />
    <ClCompile Include="lib\AdaptiveActionsConfig.cpp" />
    <ClCompile Include="lib\AdaptiveFontSizesConfig.cpp" />
    <ClCompile Include="lib\AdaptiveImageSizesConfig.cpp" />
    <ClCompile Include="lib\AdaptiveShowCardActionConfig.cpp" />
    <ClCompile Include="lib\AdaptiveSpacingConfig.cpp" />
    <ClCompile Include="lib\AdaptiveContainerStylesDefinition.cpp" />
    <ClCompile Include="lib\AdaptiveContainerStyleDefinition.cpp" />
    <ClCompile Include="lib\RenderedAdaptiveCard.cpp" />
    <ClCompile Include="lib\AdaptiveInputs.cpp" />
    <ClCompile Include="lib\AdaptiveFontWeightsConfig.cpp" />
    <ClCompile Include="lib\AdaptiveImageConfig.cpp" />
    <ClCompile Include="lib\AdaptiveSeparatorConfig.cpp" />
    <ClCompile Include="lib\AdaptiveChoiceSetInputRenderer.cpp" />
    <ClCompile Include="lib\AdaptiveColumnRenderer.cpp" />
    <ClCompile Include="lib\AdaptiveCardGetResourceStreamArgs.cpp" />
    <ClCompile Include="lib\AdaptiveCardRendererComponent.cpp" />
    <ClCompile Include="lib\AdaptiveDateInputRenderer.cpp" />
    <ClCompile Include="lib\AdaptiveElementRendererRegistration.cpp" />
    <ClCompile Include="lib\AdaptiveCardResourceResolvers.cpp" />
    <ClCompile Include="lib\AdaptiveFactSetRenderer.cpp" />
    <ClCompile Include="lib\AdaptiveImageRenderer.cpp" />
    <ClCompile Include="lib\AdaptiveImageSetRenderer.cpp" />
    <ClCompile Include="lib\AdaptiveNumberInputRenderer.cpp" />
    <ClCompile Include="lib\AdaptiveRenderContext.cpp" />
    <ClCompile Include="lib\AdaptiveTextBlockRenderer.cpp" />
    <ClCompile Include="lib\AdaptiveTextInputRenderer.cpp" />
    <ClCompile Include="lib\AdaptiveTimeInputRenderer.cpp" />
    <ClCompile Include="lib\AdaptiveToggleInputRenderer.cpp" />
    <ClCompile Include="lib\AdaptiveHostConfigParseResult.cpp" />
    <ClCompile Include="lib\AdaptiveColumnSetRenderer.cpp" />
    <ClCompile Include="lib\AdaptiveContainerRenderer.cpp" />
    <ClCompile Include="lib\AdaptiveRenderArgs.cpp" />
    <ClCompile Include="lib\AdaptiveActionInvoker.cpp" />
    <ClCompile Include="lib\WholeItemsPanel.cpp" />
    <ClCompile Include="lib\DateTimeParser.cpp" />
    <ClCompile Include="lib\InputValue.cpp" />
    <ClCompile Include="lib\pch.cpp" />
    <ClCompile Include="lib\AdaptiveMediaRenderer.cpp" />
    <ClCompile Include="lib\MediaHelpers.cpp" />
    <ClCompile Include="lib\AdaptiveMediaConfig.cpp" />
    <ClCompile Include="lib\AdaptiveMediaEventInvoker.cpp" />
    <ClCompile Include="lib\AdaptiveMediaEventArgs.cpp" />
    <ClCompile Include="lib\AdaptiveActionSetRenderer.cpp" />
    <ClCompile Include="lib\TileControl.cpp" />
    <ClCompile Include="lib\AdaptiveActionRendererRegistration.cpp" />
    <ClCompile Include="lib\AdaptiveOpenUrlActionRenderer.cpp" />
    <ClCompile Include="lib\AdaptiveShowCardActionRenderer.cpp" />
    <ClCompile Include="lib\AdaptiveSubmitActionRenderer.cpp" />
    <ClCompile Include="lib\AdaptiveToggleVisibilityActionRenderer.cpp" />
    <ClCompile Include="lib\AdaptiveRichTextBlockRenderer.cpp" />
    <ClCompile Include="lib\TextHelpers.cpp" />
    <ClCompile Include="lib\AdaptiveFeatureRegistration.cpp" />
    <ClCompile Include="lib\AdaptiveHighlightColorConfig.cpp" />
    <ClCompile Include="lib\ElementTagContent.cpp" />
    <ClCompile Include="lib\AdaptiveFontTypeDefinition.cpp" />
    <ClCompile Include="lib\AdaptiveFontTypesDefinition.cpp" />
    <ClCompile Include="lib\ActionHelpers.cpp" />
    <ClCompile Include="lib\XamlHelpers.cpp" />
    <ClCompile Include="lib\LinkButton.cpp" />
    <ClCompile Include="lib\AdaptiveInputLabelConfig.cpp" />
    <ClCompile Include="lib\AdaptiveErrorMessageConfig.cpp" />
    <ClCompile Include="lib\AdaptiveInputsConfig.cpp" />
    <ClCompile Include="lib\AdaptiveLabelConfig.cpp" />
    <ClCompile Include="lib\AdaptiveExecuteActionRenderer.cpp" />
    <ClCompile Include="lib\AdaptiveTextBlockConfig.cpp" />
    <ClCompile Include="lib\AdaptiveTextStylesConfig.cpp" />
    <ClCompile Include="lib\AdaptiveTextStyleConfigBase.cpp" />
    <ClCompile Include="lib\AdaptiveTableRenderer.cpp" />
    <ClCompile Include="lib\AdaptiveTableConfig.cpp" />
  </ItemGroup>
  <ItemGroup>
    <ClInclude Include="lib\AsyncOperations.h" />
    <ClInclude Include="lib\DefaultResourceDictionary.h" />
    <ClInclude Include="lib\ErrorHandling.h" />
    <ClInclude Include="lib\IImageLoadTrackerListener.h" />
    <ClInclude Include="lib\ImageLoadTracker.h" />
    <ClInclude Include="lib\IXamlBuilderListener.h" />
    <ClInclude Include="lib\pch.h" />
    <ClInclude Include="lib\Util.h" />
    <ClInclude Include="lib\Vector.h" />
    <ClInclude Include="lib\XamlBuilder.h" />
    <ClInclude Include="lib\XamlHelpers.h" />
    <ClInclude Include="lib\AdaptiveActionEventArgs.h" />
    <ClInclude Include="lib\AdaptiveColorConfig.h" />
    <ClInclude Include="lib\AdaptiveCardConfig.h" />
    <ClInclude Include="lib\AdaptiveColorsConfig.h" />
    <ClInclude Include="lib\AdaptiveFactSetConfig.h" />
    <ClInclude Include="lib\AdaptiveHostConfig.h" />
    <ClInclude Include="lib\AdaptiveImageSetConfig.h" />
    <ClInclude Include="lib\AdaptiveFactSetTextConfig.h" />
    <ClInclude Include="lib\AdaptiveActionsConfig.h" />
    <ClInclude Include="lib\AdaptiveFontSizesConfig.h" />
    <ClInclude Include="lib\AdaptiveShowCardActionConfig.h" />
    <ClInclude Include="lib\AdaptiveImageSizesConfig.h" />
    <ClInclude Include="lib\AdaptiveSpacingConfig.h" />
    <ClInclude Include="lib\AdaptiveContainerStylesDefinition.h" />
    <ClInclude Include="lib\AdaptiveContainerStyleDefinition.h" />
    <ClInclude Include="lib\RenderedAdaptiveCard.h" />
    <ClInclude Include="lib\AdaptiveInputs.h" />
    <ClInclude Include="lib\AdaptiveFontWeightsConfig.h" />
    <ClInclude Include="lib\AdaptiveImageConfig.h" />
    <ClInclude Include="lib\AdaptiveSeparatorConfig.h" />
    <ClInclude Include="lib\AdaptiveCardGetResourceStreamArgs.h" />
    <ClInclude Include="lib\AdaptiveCardRendererComponent.h" />
    <ClInclude Include="lib\AdaptiveCardResourceResolvers.h" />
    <ClInclude Include="lib\AdaptiveChoiceSetInputRenderer.h" />
    <ClInclude Include="lib\AdaptiveColumnRenderer.h" />
    <ClInclude Include="lib\AdaptiveColumnSetRenderer.h" />
    <ClInclude Include="lib\AdaptiveContainerRenderer.h" />
    <ClInclude Include="lib\AdaptiveDateInputRenderer.h" />
    <ClInclude Include="lib\AdaptiveElementRendererRegistration.h" />
    <ClInclude Include="lib\AdaptiveFactSetRenderer.h" />
    <ClInclude Include="lib\AdaptiveImageRenderer.h" />
    <ClInclude Include="lib\AdaptiveImageSetRenderer.h" />
    <ClInclude Include="lib\AdaptiveNumberInputRenderer.h" />
    <ClInclude Include="lib\AdaptiveRenderContext.h" />
    <ClInclude Include="lib\AdaptiveTextBlockRenderer.h" />
    <ClInclude Include="lib\AdaptiveTextInputRenderer.h" />
    <ClInclude Include="lib\AdaptiveTimeInputRenderer.h" />
    <ClInclude Include="lib\AdaptiveToggleInputRenderer.h" />
    <ClInclude Include="lib\AdaptiveHostConfigParseResult.h" />
    <ClInclude Include="lib\AdaptiveRenderArgs.h" />
    <ClInclude Include="lib\AdaptiveActionInvoker.h" />
    <ClInclude Include="lib\WholeItemsPanel.h" />
    <ClInclude Include="lib\DateTimeParser.h" />
    <ClInclude Include="lib\InputValue.h" />
    <ClInclude Include="lib\AdaptiveMediaRenderer.h" />
    <ClInclude Include="lib\MediaHelpers.h" />
    <ClInclude Include="lib\AdaptiveMediaConfig.h" />
    <ClInclude Include="lib\AdaptiveMediaEventInvoker.h" />
    <ClInclude Include="lib\AdaptiveMediaEventArgs.h" />
    <ClInclude Include="lib\AdaptiveActionSetRenderer.h" />
    <ClInclude Include="lib\TileControl.h" />
    <ClInclude Include="lib\AdaptiveActionRendererRegistration.h" />
    <ClInclude Include="lib\AdaptiveOpenUrlActionRenderer.h" />
    <ClInclude Include="lib\AdaptiveShowCardActionRenderer.h" />
    <ClInclude Include="lib\AdaptiveSubmitActionRenderer.h" />
    <ClInclude Include="lib\AdaptiveToggleVisibilityActionRenderer.h" />
    <ClInclude Include="lib\AdaptiveRichTextBlockRenderer.h" />
    <ClInclude Include="lib\TextHelpers.h" />
    <ClInclude Include="lib\AdaptiveFeatureRegistration.h" />
    <ClInclude Include="lib\AdaptiveHighlightColorConfig.h" />
    <ClInclude Include="lib\ElementTagContent.h" />
    <ClInclude Include="lib\AdaptiveFontTypeDefinition.h" />
    <ClInclude Include="lib\AdaptiveFontTypesDefinition.h" />
    <ClInclude Include="lib\ActionHelpers.h" />
    <ClInclude Include="lib\LinkButton.h" />
    <ClInclude Include="lib\AdaptiveInputLabelConfig.h" />
    <ClInclude Include="lib\AdaptiveErrorMessageConfig.h" />
    <ClInclude Include="lib\AdaptiveInputsConfig.h" />
    <ClInclude Include="lib\AdaptiveLabelConfig.h" />
    <ClInclude Include="lib\AdaptiveExecuteActionRenderer.h" />
    <ClInclude Include="lib\AdaptiveTextBlockConfig.h" />
    <ClInclude Include="lib\AdaptiveTextStyleConfig.h" />
    <ClInclude Include="lib\AdaptiveTextStylesConfig.h" />
    <ClInclude Include="lib\AdaptiveTextStyleConfigBase.h" />
    <ClInclude Include="lib\AdaptiveTableRenderer.h" />
    <ClInclude Include="lib\AdaptiveTableConfig.h" />
  </ItemGroup>
  <ItemGroup>
    <Midl Include="idl\AdaptiveCards.Rendering.Uwp.idl" />
  </ItemGroup>
  <ItemGroup>
    <None Include="packages.config" />
  </ItemGroup>
</Project>