
Microsoft Visual Studio Solution File, Format Version 12.00
# Visual Studio Version 16
VisualStudioVersion = 16.0.29209.62
MinimumVisualStudioVersion = 10.0.40219.1
Project("{FAE04EC0-301F-11D3-BF4B-00C04F79EFBC}") = "AdaptiveCards.Rendering.XamarinForms.UWP", "Library\XamarinForms.UWP\AdaptiveCards.Rendering.XamarinForms.UWP.csproj", "{070677F7-33B5-4ABC-B82F-44F6234D2F71}"
EndProject
Project("{FAE04EC0-301F-11D3-BF4B-00C04F79EFBC}") = "AdaptiveCards.Rendering.XamarinForms.Android", "Library\XamarinForms.Android\AdaptiveCards.Rendering.XamarinForms.Android.csproj", "{01A4695A-B60E-4910-B6D6-4F98B23C52AF}"
EndProject
Project("{FAE04EC0-301F-11D3-BF4B-00C04F79EFBC}") = "AdaptiveCards.Rendering.XamarinForms.iOS", "Library\XamarinForms.iOS\AdaptiveCards.Rendering.XamarinForms.iOS.csproj", "{4756BB29-DCA4-4BA4-BDAB-2FDE260A6C98}"
EndProject
Project("{9A19103F-16F7-4668-BE54-9A1E7A4F7556}") = "AdaptiveCards.Rendering.XamarinForms", "Library\XamarinForms.Shared\AdaptiveCards.Rendering.XamarinForms.csproj", "{0B6AB94B-9208-4463-B9FB-2F080B15DDD0}"
EndProject
Project("{FAE04EC0-301F-11D3-BF4B-00C04F79EFBC}") = "AdaptiveCards.Rendering.Xamarin.Android", "..\xamarin\AdaptiveCards.Rendering.Xamarin.Android\AdaptiveCards.Rendering.Xamarin.Android.csproj", "{98A14838-2FDB-4CA1-892C-93154122C3BB}"
EndProject
Project("{FAE04EC0-301F-11D3-BF4B-00C04F79EFBC}") = "AdaptiveCards.Rendering.Xamarin.iOS", "..\xamarin\AdaptiveCards.Rendering.Xamarin.iOS\AdaptiveCards.Rendering.Xamarin.iOS.csproj", "{DC69056C-24E0-4AD1-82A6-6F1DEB2AE70E}"
EndProject
Project("{8BC9CEB8-8B4A-11D0-8D11-00A0C91BC942}") = "AdaptiveCardsSharedModel", "..\shared\cpp\AdaptiveCardsSharedModel\AdaptiveCardsSharedModel\AdaptiveCardsSharedModel.vcxproj", "{430407C5-059C-48E8-9260-62A12D30F81C}"
EndProject
Project("{8BC9CEB8-8B4A-11D0-8D11-00A0C91BC942}") = "ObjectModelProjection", "..\uwp\ObjectModelProjection\ObjectModelProjection.vcxproj", "{2D040C7D-757A-4292-BB59-62BC53A83C9F}"
EndProject
Project("{8BC9CEB8-8B4A-11D0-8D11-00A0C91BC942}") = "AdaptiveCardRenderer", "..\uwp\Renderer\AdaptiveCardRenderer.vcxproj", "{CF169157-F487-420C-8B9B-CA3ABE2BB209}"
EndProject
Project("{2150E333-8FDC-42A3-9474-1A3956D46DE8}") = "Sample", "Sample", "{9023FBC8-AEBB-470A-841A-EB128B2D098B}"
EndProject
Project("{FAE04EC0-301F-11D3-BF4B-00C04F79EFBC}") = "UWP", "Samples\XamarinForms.Sample\UWP\UWP.csproj", "{B671F4B7-841C-465A-B976-8FDB74879ECA}"
EndProject
Project("{FAE04EC0-301F-11D3-BF4B-00C04F79EFBC}") = "Droid", "Samples\XamarinForms.Sample\Droid\Droid.csproj", "{6C3BB9BB-89A9-4072-A34D-80BA9D0A073F}"
EndProject
Project("{FAE04EC0-301F-11D3-BF4B-00C04F79EFBC}") = "iOS", "Samples\XamarinForms.Sample\iOS\iOS.csproj", "{9F36FD05-862D-48AA-AF43-BA0E03639150}"
EndProject
Project("{9A19103F-16F7-4668-BE54-9A1E7A4F7556}") = "Shared", "Samples\XamarinForms.Sample\Shared\Shared.csproj", "{2E8D5FF2-5464-4480-9C92-D14CBE29E078}"
EndProject
Project("{2150E333-8FDC-42A3-9474-1A3956D46DE8}") = "Library", "Library", "{AFA0A446-9AE6-41DD-B6C9-13B51964F033}"
EndProject
Global
	GlobalSection(SolutionConfigurationPlatforms) = preSolution
		Debug|Any CPU = Debug|Any CPU
		Debug|ARM = Debug|ARM
		Debug|ARM64 = Debug|ARM64
		Debug|iPhone = Debug|iPhone
		Debug|iPhoneSimulator = Debug|iPhoneSimulator
		Debug|x64 = Debug|x64
		Debug|x86 = Debug|x86
		Release|Any CPU = Release|Any CPU
		Release|ARM = Release|ARM
		Release|ARM64 = Release|ARM64
		Release|iPhone = Release|iPhone
		Release|iPhoneSimulator = Release|iPhoneSimulator
		Release|x64 = Release|x64
		Release|x86 = Release|x86
	EndGlobalSection
	GlobalSection(ProjectConfigurationPlatforms) = postSolution
		{070677F7-33B5-4ABC-B82F-44F6234D2F71}.Debug|Any CPU.ActiveCfg = Debug|x86
		{070677F7-33B5-4ABC-B82F-44F6234D2F71}.Debug|Any CPU.Build.0 = Debug|x86
		{070677F7-33B5-4ABC-B82F-44F6234D2F71}.Debug|Any CPU.Deploy.0 = Debug|x86
		{070677F7-33B5-4ABC-B82F-44F6234D2F71}.Debug|ARM.ActiveCfg = Debug|ARM
		{070677F7-33B5-4ABC-B82F-44F6234D2F71}.Debug|ARM.Build.0 = Debug|ARM
		{070677F7-33B5-4ABC-B82F-44F6234D2F71}.Debug|ARM.Deploy.0 = Debug|ARM
		{070677F7-33B5-4ABC-B82F-44F6234D2F71}.Debug|ARM64.ActiveCfg = Debug|x86
		{070677F7-33B5-4ABC-B82F-44F6234D2F71}.Debug|iPhone.ActiveCfg = Debug|x86
		{070677F7-33B5-4ABC-B82F-44F6234D2F71}.Debug|iPhone.Build.0 = Debug|x86
		{070677F7-33B5-4ABC-B82F-44F6234D2F71}.Debug|iPhone.Deploy.0 = Debug|x86
		{070677F7-33B5-4ABC-B82F-44F6234D2F71}.Debug|iPhoneSimulator.ActiveCfg = Debug|x86
		{070677F7-33B5-4ABC-B82F-44F6234D2F71}.Debug|iPhoneSimulator.Build.0 = Debug|x86
		{070677F7-33B5-4ABC-B82F-44F6234D2F71}.Debug|iPhoneSimulator.Deploy.0 = Debug|x86
		{070677F7-33B5-4ABC-B82F-44F6234D2F71}.Debug|x64.ActiveCfg = Debug|x64
		{070677F7-33B5-4ABC-B82F-44F6234D2F71}.Debug|x64.Build.0 = Debug|x64
		{070677F7-33B5-4ABC-B82F-44F6234D2F71}.Debug|x64.Deploy.0 = Debug|x64
		{070677F7-33B5-4ABC-B82F-44F6234D2F71}.Debug|x86.ActiveCfg = Debug|x86
		{070677F7-33B5-4ABC-B82F-44F6234D2F71}.Debug|x86.Build.0 = Debug|x86
		{070677F7-33B5-4ABC-B82F-44F6234D2F71}.Debug|x86.Deploy.0 = Debug|x86
		{070677F7-33B5-4ABC-B82F-44F6234D2F71}.Release|Any CPU.ActiveCfg = Release|x86
		{070677F7-33B5-4ABC-B82F-44F6234D2F71}.Release|Any CPU.Build.0 = Release|x86
		{070677F7-33B5-4ABC-B82F-44F6234D2F71}.Release|Any CPU.Deploy.0 = Release|x86
		{070677F7-33B5-4ABC-B82F-44F6234D2F71}.Release|ARM.ActiveCfg = Release|ARM
		{070677F7-33B5-4ABC-B82F-44F6234D2F71}.Release|ARM.Build.0 = Release|ARM
		{070677F7-33B5-4ABC-B82F-44F6234D2F71}.Release|ARM.Deploy.0 = Release|ARM
		{070677F7-33B5-4ABC-B82F-44F6234D2F71}.Release|ARM64.ActiveCfg = Release|x86
		{070677F7-33B5-4ABC-B82F-44F6234D2F71}.Release|iPhone.ActiveCfg = Release|x86
		{070677F7-33B5-4ABC-B82F-44F6234D2F71}.Release|iPhone.Build.0 = Release|x86
		{070677F7-33B5-4ABC-B82F-44F6234D2F71}.Release|iPhone.Deploy.0 = Release|x86
		{070677F7-33B5-4ABC-B82F-44F6234D2F71}.Release|iPhoneSimulator.ActiveCfg = Release|x86
		{070677F7-33B5-4ABC-B82F-44F6234D2F71}.Release|iPhoneSimulator.Build.0 = Release|x86
		{070677F7-33B5-4ABC-B82F-44F6234D2F71}.Release|iPhoneSimulator.Deploy.0 = Release|x86
		{070677F7-33B5-4ABC-B82F-44F6234D2F71}.Release|x64.ActiveCfg = Release|x64
		{070677F7-33B5-4ABC-B82F-44F6234D2F71}.Release|x64.Build.0 = Release|x64
		{070677F7-33B5-4ABC-B82F-44F6234D2F71}.Release|x64.Deploy.0 = Release|x64
		{070677F7-33B5-4ABC-B82F-44F6234D2F71}.Release|x86.ActiveCfg = Release|x86
		{070677F7-33B5-4ABC-B82F-44F6234D2F71}.Release|x86.Build.0 = Release|x86
		{070677F7-33B5-4ABC-B82F-44F6234D2F71}.Release|x86.Deploy.0 = Release|x86
		{01A4695A-B60E-4910-B6D6-4F98B23C52AF}.Debug|Any CPU.ActiveCfg = Debug|Any CPU
		{01A4695A-B60E-4910-B6D6-4F98B23C52AF}.Debug|Any CPU.Build.0 = Debug|Any CPU
		{01A4695A-B60E-4910-B6D6-4F98B23C52AF}.Debug|Any CPU.Deploy.0 = Debug|Any CPU
		{01A4695A-B60E-4910-B6D6-4F98B23C52AF}.Debug|ARM.ActiveCfg = Debug|Any CPU
		{01A4695A-B60E-4910-B6D6-4F98B23C52AF}.Debug|ARM.Build.0 = Debug|Any CPU
		{01A4695A-B60E-4910-B6D6-4F98B23C52AF}.Debug|ARM.Deploy.0 = Debug|Any CPU
		{01A4695A-B60E-4910-B6D6-4F98B23C52AF}.Debug|ARM64.ActiveCfg = Debug|Any CPU
		{01A4695A-B60E-4910-B6D6-4F98B23C52AF}.Debug|ARM64.Build.0 = Debug|Any CPU
		{01A4695A-B60E-4910-B6D6-4F98B23C52AF}.Debug|ARM64.Deploy.0 = Debug|Any CPU
		{01A4695A-B60E-4910-B6D6-4F98B23C52AF}.Debug|iPhone.ActiveCfg = Debug|Any CPU
		{01A4695A-B60E-4910-B6D6-4F98B23C52AF}.Debug|iPhone.Build.0 = Debug|Any CPU
		{01A4695A-B60E-4910-B6D6-4F98B23C52AF}.Debug|iPhone.Deploy.0 = Debug|Any CPU
		{01A4695A-B60E-4910-B6D6-4F98B23C52AF}.Debug|iPhoneSimulator.ActiveCfg = Debug|Any CPU
		{01A4695A-B60E-4910-B6D6-4F98B23C52AF}.Debug|iPhoneSimulator.Build.0 = Debug|Any CPU
		{01A4695A-B60E-4910-B6D6-4F98B23C52AF}.Debug|iPhoneSimulator.Deploy.0 = Debug|Any CPU
		{01A4695A-B60E-4910-B6D6-4F98B23C52AF}.Debug|x64.ActiveCfg = Debug|Any CPU
		{01A4695A-B60E-4910-B6D6-4F98B23C52AF}.Debug|x64.Build.0 = Debug|Any CPU
		{01A4695A-B60E-4910-B6D6-4F98B23C52AF}.Debug|x64.Deploy.0 = Debug|Any CPU
		{01A4695A-B60E-4910-B6D6-4F98B23C52AF}.Debug|x86.ActiveCfg = Debug|Any CPU
		{01A4695A-B60E-4910-B6D6-4F98B23C52AF}.Debug|x86.Build.0 = Debug|Any CPU
		{01A4695A-B60E-4910-B6D6-4F98B23C52AF}.Debug|x86.Deploy.0 = Debug|Any CPU
		{01A4695A-B60E-4910-B6D6-4F98B23C52AF}.Release|Any CPU.ActiveCfg = Release|Any CPU
		{01A4695A-B60E-4910-B6D6-4F98B23C52AF}.Release|Any CPU.Build.0 = Release|Any CPU
		{01A4695A-B60E-4910-B6D6-4F98B23C52AF}.Release|Any CPU.Deploy.0 = Release|Any CPU
		{01A4695A-B60E-4910-B6D6-4F98B23C52AF}.Release|ARM.ActiveCfg = Release|Any CPU
		{01A4695A-B60E-4910-B6D6-4F98B23C52AF}.Release|ARM.Build.0 = Release|Any CPU
		{01A4695A-B60E-4910-B6D6-4F98B23C52AF}.Release|ARM.Deploy.0 = Release|Any CPU
		{01A4695A-B60E-4910-B6D6-4F98B23C52AF}.Release|ARM64.ActiveCfg = Release|Any CPU
		{01A4695A-B60E-4910-B6D6-4F98B23C52AF}.Release|ARM64.Build.0 = Release|Any CPU
		{01A4695A-B60E-4910-B6D6-4F98B23C52AF}.Release|ARM64.Deploy.0 = Release|Any CPU
		{01A4695A-B60E-4910-B6D6-4F98B23C52AF}.Release|iPhone.ActiveCfg = Release|Any CPU
		{01A4695A-B60E-4910-B6D6-4F98B23C52AF}.Release|iPhone.Build.0 = Release|Any CPU
		{01A4695A-B60E-4910-B6D6-4F98B23C52AF}.Release|iPhone.Deploy.0 = Release|Any CPU
		{01A4695A-B60E-4910-B6D6-4F98B23C52AF}.Release|iPhoneSimulator.ActiveCfg = Release|Any CPU
		{01A4695A-B60E-4910-B6D6-4F98B23C52AF}.Release|iPhoneSimulator.Build.0 = Release|Any CPU
		{01A4695A-B60E-4910-B6D6-4F98B23C52AF}.Release|iPhoneSimulator.Deploy.0 = Release|Any CPU
		{01A4695A-B60E-4910-B6D6-4F98B23C52AF}.Release|x64.ActiveCfg = Release|Any CPU
		{01A4695A-B60E-4910-B6D6-4F98B23C52AF}.Release|x64.Build.0 = Release|Any CPU
		{01A4695A-B60E-4910-B6D6-4F98B23C52AF}.Release|x64.Deploy.0 = Release|Any CPU
		{01A4695A-B60E-4910-B6D6-4F98B23C52AF}.Release|x86.ActiveCfg = Release|Any CPU
		{01A4695A-B60E-4910-B6D6-4F98B23C52AF}.Release|x86.Build.0 = Release|Any CPU
		{01A4695A-B60E-4910-B6D6-4F98B23C52AF}.Release|x86.Deploy.0 = Release|Any CPU
		{4756BB29-DCA4-4BA4-BDAB-2FDE260A6C98}.Debug|Any CPU.ActiveCfg = Debug|iPhone
		{4756BB29-DCA4-4BA4-BDAB-2FDE260A6C98}.Debug|Any CPU.Build.0 = Debug|iPhone
		{4756BB29-DCA4-4BA4-BDAB-2FDE260A6C98}.Debug|Any CPU.Deploy.0 = Debug|iPhone
		{4756BB29-DCA4-4BA4-BDAB-2FDE260A6C98}.Debug|ARM.ActiveCfg = Debug|iPhoneSimulator
		{4756BB29-DCA4-4BA4-BDAB-2FDE260A6C98}.Debug|ARM.Build.0 = Debug|iPhoneSimulator
		{4756BB29-DCA4-4BA4-BDAB-2FDE260A6C98}.Debug|ARM.Deploy.0 = Debug|iPhoneSimulator
		{4756BB29-DCA4-4BA4-BDAB-2FDE260A6C98}.Debug|ARM64.ActiveCfg = Debug|iPhoneSimulator
		{4756BB29-DCA4-4BA4-BDAB-2FDE260A6C98}.Debug|iPhone.ActiveCfg = Debug|iPhone
		{4756BB29-DCA4-4BA4-BDAB-2FDE260A6C98}.Debug|iPhone.Build.0 = Debug|iPhone
		{4756BB29-DCA4-4BA4-BDAB-2FDE260A6C98}.Debug|iPhone.Deploy.0 = Debug|iPhone
		{4756BB29-DCA4-4BA4-BDAB-2FDE260A6C98}.Debug|iPhoneSimulator.ActiveCfg = Debug|iPhoneSimulator
		{4756BB29-DCA4-4BA4-BDAB-2FDE260A6C98}.Debug|iPhoneSimulator.Build.0 = Debug|iPhoneSimulator
		{4756BB29-DCA4-4BA4-BDAB-2FDE260A6C98}.Debug|iPhoneSimulator.Deploy.0 = Debug|iPhoneSimulator
		{4756BB29-DCA4-4BA4-BDAB-2FDE260A6C98}.Debug|x64.ActiveCfg = Debug|iPhone
		{4756BB29-DCA4-4BA4-BDAB-2FDE260A6C98}.Debug|x64.Build.0 = Debug|iPhone
		{4756BB29-DCA4-4BA4-BDAB-2FDE260A6C98}.Debug|x64.Deploy.0 = Debug|iPhone
		{4756BB29-DCA4-4BA4-BDAB-2FDE260A6C98}.Debug|x86.ActiveCfg = Debug|iPhone
		{4756BB29-DCA4-4BA4-BDAB-2FDE260A6C98}.Debug|x86.Build.0 = Debug|iPhone
		{4756BB29-DCA4-4BA4-BDAB-2FDE260A6C98}.Debug|x86.Deploy.0 = Debug|iPhone
		{4756BB29-DCA4-4BA4-BDAB-2FDE260A6C98}.Release|Any CPU.ActiveCfg = Release|iPhone
		{4756BB29-DCA4-4BA4-BDAB-2FDE260A6C98}.Release|Any CPU.Build.0 = Release|iPhone
		{4756BB29-DCA4-4BA4-BDAB-2FDE260A6C98}.Release|Any CPU.Deploy.0 = Release|iPhone
		{4756BB29-DCA4-4BA4-BDAB-2FDE260A6C98}.Release|ARM.ActiveCfg = Release|iPhone
		{4756BB29-DCA4-4BA4-BDAB-2FDE260A6C98}.Release|ARM.Build.0 = Release|iPhone
		{4756BB29-DCA4-4BA4-BDAB-2FDE260A6C98}.Release|ARM.Deploy.0 = Release|iPhone
		{4756BB29-DCA4-4BA4-BDAB-2FDE260A6C98}.Release|ARM64.ActiveCfg = Release|iPhoneSimulator
		{4756BB29-DCA4-4BA4-BDAB-2FDE260A6C98}.Release|iPhone.ActiveCfg = Release|iPhone
		{4756BB29-DCA4-4BA4-BDAB-2FDE260A6C98}.Release|iPhone.Build.0 = Release|iPhone
		{4756BB29-DCA4-4BA4-BDAB-2FDE260A6C98}.Release|iPhone.Deploy.0 = Release|iPhone
		{4756BB29-DCA4-4BA4-BDAB-2FDE260A6C98}.Release|iPhoneSimulator.ActiveCfg = Release|iPhoneSimulator
		{4756BB29-DCA4-4BA4-BDAB-2FDE260A6C98}.Release|iPhoneSimulator.Build.0 = Release|iPhoneSimulator
		{4756BB29-DCA4-4BA4-BDAB-2FDE260A6C98}.Release|iPhoneSimulator.Deploy.0 = Release|iPhoneSimulator
		{4756BB29-DCA4-4BA4-BDAB-2FDE260A6C98}.Release|x64.ActiveCfg = Release|iPhone
		{4756BB29-DCA4-4BA4-BDAB-2FDE260A6C98}.Release|x64.Build.0 = Release|iPhone
		{4756BB29-DCA4-4BA4-BDAB-2FDE260A6C98}.Release|x64.Deploy.0 = Release|iPhone
		{4756BB29-DCA4-4BA4-BDAB-2FDE260A6C98}.Release|x86.ActiveCfg = Release|iPhone
		{4756BB29-DCA4-4BA4-BDAB-2FDE260A6C98}.Release|x86.Build.0 = Release|iPhone
		{4756BB29-DCA4-4BA4-BDAB-2FDE260A6C98}.Release|x86.Deploy.0 = Release|iPhone
		{0B6AB94B-9208-4463-B9FB-2F080B15DDD0}.Debug|Any CPU.ActiveCfg = Debug|Any CPU
		{0B6AB94B-9208-4463-B9FB-2F080B15DDD0}.Debug|Any CPU.Build.0 = Debug|Any CPU
		{0B6AB94B-9208-4463-B9FB-2F080B15DDD0}.Debug|Any CPU.Deploy.0 = Debug|Any CPU
		{0B6AB94B-9208-4463-B9FB-2F080B15DDD0}.Debug|ARM.ActiveCfg = Debug|Any CPU
		{0B6AB94B-9208-4463-B9FB-2F080B15DDD0}.Debug|ARM.Build.0 = Debug|Any CPU
		{0B6AB94B-9208-4463-B9FB-2F080B15DDD0}.Debug|ARM.Deploy.0 = Debug|Any CPU
		{0B6AB94B-9208-4463-B9FB-2F080B15DDD0}.Debug|ARM64.ActiveCfg = Debug|Any CPU
		{0B6AB94B-9208-4463-B9FB-2F080B15DDD0}.Debug|ARM64.Build.0 = Debug|Any CPU
		{0B6AB94B-9208-4463-B9FB-2F080B15DDD0}.Debug|iPhone.ActiveCfg = Debug|Any CPU
		{0B6AB94B-9208-4463-B9FB-2F080B15DDD0}.Debug|iPhone.Build.0 = Debug|Any CPU
		{0B6AB94B-9208-4463-B9FB-2F080B15DDD0}.Debug|iPhone.Deploy.0 = Debug|Any CPU
		{0B6AB94B-9208-4463-B9FB-2F080B15DDD0}.Debug|iPhoneSimulator.ActiveCfg = Debug|Any CPU
		{0B6AB94B-9208-4463-B9FB-2F080B15DDD0}.Debug|iPhoneSimulator.Build.0 = Debug|Any CPU
		{0B6AB94B-9208-4463-B9FB-2F080B15DDD0}.Debug|iPhoneSimulator.Deploy.0 = Debug|Any CPU
		{0B6AB94B-9208-4463-B9FB-2F080B15DDD0}.Debug|x64.ActiveCfg = Debug|Any CPU
		{0B6AB94B-9208-4463-B9FB-2F080B15DDD0}.Debug|x64.Build.0 = Debug|Any CPU
		{0B6AB94B-9208-4463-B9FB-2F080B15DDD0}.Debug|x64.Deploy.0 = Debug|Any CPU
		{0B6AB94B-9208-4463-B9FB-2F080B15DDD0}.Debug|x86.ActiveCfg = Debug|Any CPU
		{0B6AB94B-9208-4463-B9FB-2F080B15DDD0}.Debug|x86.Build.0 = Debug|Any CPU
		{0B6AB94B-9208-4463-B9FB-2F080B15DDD0}.Debug|x86.Deploy.0 = Debug|Any CPU
		{0B6AB94B-9208-4463-B9FB-2F080B15DDD0}.Release|Any CPU.ActiveCfg = Release|Any CPU
		{0B6AB94B-9208-4463-B9FB-2F080B15DDD0}.Release|Any CPU.Build.0 = Release|Any CPU
		{0B6AB94B-9208-4463-B9FB-2F080B15DDD0}.Release|Any CPU.Deploy.0 = Release|Any CPU
		{0B6AB94B-9208-4463-B9FB-2F080B15DDD0}.Release|ARM.ActiveCfg = Release|Any CPU
		{0B6AB94B-9208-4463-B9FB-2F080B15DDD0}.Release|ARM.Build.0 = Release|Any CPU
		{0B6AB94B-9208-4463-B9FB-2F080B15DDD0}.Release|ARM.Deploy.0 = Release|Any CPU
		{0B6AB94B-9208-4463-B9FB-2F080B15DDD0}.Release|ARM64.ActiveCfg = Release|Any CPU
		{0B6AB94B-9208-4463-B9FB-2F080B15DDD0}.Release|ARM64.Build.0 = Release|Any CPU
		{0B6AB94B-9208-4463-B9FB-2F080B15DDD0}.Release|iPhone.ActiveCfg = Release|Any CPU
		{0B6AB94B-9208-4463-B9FB-2F080B15DDD0}.Release|iPhone.Build.0 = Release|Any CPU
		{0B6AB94B-9208-4463-B9FB-2F080B15DDD0}.Release|iPhone.Deploy.0 = Release|Any CPU
		{0B6AB94B-9208-4463-B9FB-2F080B15DDD0}.Release|iPhoneSimulator.ActiveCfg = Release|Any CPU
		{0B6AB94B-9208-4463-B9FB-2F080B15DDD0}.Release|iPhoneSimulator.Build.0 = Release|Any CPU
		{0B6AB94B-9208-4463-B9FB-2F080B15DDD0}.Release|iPhoneSimulator.Deploy.0 = Release|Any CPU
		{0B6AB94B-9208-4463-B9FB-2F080B15DDD0}.Release|x64.ActiveCfg = Release|Any CPU
		{0B6AB94B-9208-4463-B9FB-2F080B15DDD0}.Release|x64.Build.0 = Release|Any CPU
		{0B6AB94B-9208-4463-B9FB-2F080B15DDD0}.Release|x64.Deploy.0 = Release|Any CPU
		{0B6AB94B-9208-4463-B9FB-2F080B15DDD0}.Release|x86.ActiveCfg = Release|Any CPU
		{0B6AB94B-9208-4463-B9FB-2F080B15DDD0}.Release|x86.Build.0 = Release|Any CPU
		{0B6AB94B-9208-4463-B9FB-2F080B15DDD0}.Release|x86.Deploy.0 = Release|Any CPU
		{98A14838-2FDB-4CA1-892C-93154122C3BB}.Debug|Any CPU.ActiveCfg = Debug|Any CPU
		{98A14838-2FDB-4CA1-892C-93154122C3BB}.Debug|Any CPU.Build.0 = Debug|Any CPU
		{98A14838-2FDB-4CA1-892C-93154122C3BB}.Debug|ARM.ActiveCfg = Debug|Any CPU
		{98A14838-2FDB-4CA1-892C-93154122C3BB}.Debug|ARM.Build.0 = Debug|Any CPU
		{98A14838-2FDB-4CA1-892C-93154122C3BB}.Debug|ARM64.ActiveCfg = Debug|Any CPU
		{98A14838-2FDB-4CA1-892C-93154122C3BB}.Debug|ARM64.Build.0 = Debug|Any CPU
		{98A14838-2FDB-4CA1-892C-93154122C3BB}.Debug|iPhone.ActiveCfg = Debug|Any CPU
		{98A14838-2FDB-4CA1-892C-93154122C3BB}.Debug|iPhone.Build.0 = Debug|Any CPU
		{98A14838-2FDB-4CA1-892C-93154122C3BB}.Debug|iPhoneSimulator.ActiveCfg = Debug|Any CPU
		{98A14838-2FDB-4CA1-892C-93154122C3BB}.Debug|iPhoneSimulator.Build.0 = Debug|Any CPU
		{98A14838-2FDB-4CA1-892C-93154122C3BB}.Debug|x64.ActiveCfg = Debug|Any CPU
		{98A14838-2FDB-4CA1-892C-93154122C3BB}.Debug|x64.Build.0 = Debug|Any CPU
		{98A14838-2FDB-4CA1-892C-93154122C3BB}.Debug|x86.ActiveCfg = Debug|Any CPU
		{98A14838-2FDB-4CA1-892C-93154122C3BB}.Debug|x86.Build.0 = Debug|Any CPU
		{98A14838-2FDB-4CA1-892C-93154122C3BB}.Release|Any CPU.ActiveCfg = Release|Any CPU
		{98A14838-2FDB-4CA1-892C-93154122C3BB}.Release|Any CPU.Build.0 = Release|Any CPU
		{98A14838-2FDB-4CA1-892C-93154122C3BB}.Release|ARM.ActiveCfg = Release|Any CPU
		{98A14838-2FDB-4CA1-892C-93154122C3BB}.Release|ARM.Build.0 = Release|Any CPU
		{98A14838-2FDB-4CA1-892C-93154122C3BB}.Release|ARM64.ActiveCfg = Release|Any CPU
		{98A14838-2FDB-4CA1-892C-93154122C3BB}.Release|ARM64.Build.0 = Release|Any CPU
		{98A14838-2FDB-4CA1-892C-93154122C3BB}.Release|iPhone.ActiveCfg = Release|Any CPU
		{98A14838-2FDB-4CA1-892C-93154122C3BB}.Release|iPhone.Build.0 = Release|Any CPU
		{98A14838-2FDB-4CA1-892C-93154122C3BB}.Release|iPhoneSimulator.ActiveCfg = Release|Any CPU
		{98A14838-2FDB-4CA1-892C-93154122C3BB}.Release|iPhoneSimulator.Build.0 = Release|Any CPU
		{98A14838-2FDB-4CA1-892C-93154122C3BB}.Release|x64.ActiveCfg = Release|Any CPU
		{98A14838-2FDB-4CA1-892C-93154122C3BB}.Release|x64.Build.0 = Release|Any CPU
		{98A14838-2FDB-4CA1-892C-93154122C3BB}.Release|x86.ActiveCfg = Release|Any CPU
		{98A14838-2FDB-4CA1-892C-93154122C3BB}.Release|x86.Build.0 = Release|Any CPU
		{DC69056C-24E0-4AD1-82A6-6F1DEB2AE70E}.Debug|Any CPU.ActiveCfg = Debug|Any CPU
		{DC69056C-24E0-4AD1-82A6-6F1DEB2AE70E}.Debug|Any CPU.Build.0 = Debug|Any CPU
		{DC69056C-24E0-4AD1-82A6-6F1DEB2AE70E}.Debug|ARM.ActiveCfg = Debug|Any CPU
		{DC69056C-24E0-4AD1-82A6-6F1DEB2AE70E}.Debug|ARM.Build.0 = Debug|Any CPU
		{DC69056C-24E0-4AD1-82A6-6F1DEB2AE70E}.Debug|ARM64.ActiveCfg = Debug|Any CPU
		{DC69056C-24E0-4AD1-82A6-6F1DEB2AE70E}.Debug|ARM64.Build.0 = Debug|Any CPU
		{DC69056C-24E0-4AD1-82A6-6F1DEB2AE70E}.Debug|iPhone.ActiveCfg = Debug|Any CPU
		{DC69056C-24E0-4AD1-82A6-6F1DEB2AE70E}.Debug|iPhone.Build.0 = Debug|Any CPU
		{DC69056C-24E0-4AD1-82A6-6F1DEB2AE70E}.Debug|iPhoneSimulator.ActiveCfg = Debug|Any CPU
		{DC69056C-24E0-4AD1-82A6-6F1DEB2AE70E}.Debug|iPhoneSimulator.Build.0 = Debug|Any CPU
		{DC69056C-24E0-4AD1-82A6-6F1DEB2AE70E}.Debug|x64.ActiveCfg = Debug|Any CPU
		{DC69056C-24E0-4AD1-82A6-6F1DEB2AE70E}.Debug|x64.Build.0 = Debug|Any CPU
		{DC69056C-24E0-4AD1-82A6-6F1DEB2AE70E}.Debug|x86.ActiveCfg = Debug|Any CPU
		{DC69056C-24E0-4AD1-82A6-6F1DEB2AE70E}.Debug|x86.Build.0 = Debug|Any CPU
		{DC69056C-24E0-4AD1-82A6-6F1DEB2AE70E}.Release|Any CPU.ActiveCfg = Release|Any CPU
		{DC69056C-24E0-4AD1-82A6-6F1DEB2AE70E}.Release|Any CPU.Build.0 = Release|Any CPU
		{DC69056C-24E0-4AD1-82A6-6F1DEB2AE70E}.Release|ARM.ActiveCfg = Release|Any CPU
		{DC69056C-24E0-4AD1-82A6-6F1DEB2AE70E}.Release|ARM.Build.0 = Release|Any CPU
		{DC69056C-24E0-4AD1-82A6-6F1DEB2AE70E}.Release|ARM64.ActiveCfg = Release|Any CPU
		{DC69056C-24E0-4AD1-82A6-6F1DEB2AE70E}.Release|ARM64.Build.0 = Release|Any CPU
		{DC69056C-24E0-4AD1-82A6-6F1DEB2AE70E}.Release|iPhone.ActiveCfg = Release|Any CPU
		{DC69056C-24E0-4AD1-82A6-6F1DEB2AE70E}.Release|iPhone.Build.0 = Release|Any CPU
		{DC69056C-24E0-4AD1-82A6-6F1DEB2AE70E}.Release|iPhoneSimulator.ActiveCfg = Release|Any CPU
		{DC69056C-24E0-4AD1-82A6-6F1DEB2AE70E}.Release|iPhoneSimulator.Build.0 = Release|Any CPU
		{DC69056C-24E0-4AD1-82A6-6F1DEB2AE70E}.Release|x64.ActiveCfg = Release|Any CPU
		{DC69056C-24E0-4AD1-82A6-6F1DEB2AE70E}.Release|x64.Build.0 = Release|Any CPU
		{DC69056C-24E0-4AD1-82A6-6F1DEB2AE70E}.Release|x86.ActiveCfg = Release|Any CPU
		{DC69056C-24E0-4AD1-82A6-6F1DEB2AE70E}.Release|x86.Build.0 = Release|Any CPU
		{430407C5-059C-48E8-9260-62A12D30F81C}.Debug|Any CPU.ActiveCfg = Debug|Win32
		{430407C5-059C-48E8-9260-62A12D30F81C}.Debug|ARM.ActiveCfg = Debug|Win32
		{430407C5-059C-48E8-9260-62A12D30F81C}.Debug|ARM64.ActiveCfg = Debug|Win32
		{430407C5-059C-48E8-9260-62A12D30F81C}.Debug|iPhone.ActiveCfg = Debug|Win32
		{430407C5-059C-48E8-9260-62A12D30F81C}.Debug|iPhoneSimulator.ActiveCfg = Debug|Win32
		{430407C5-059C-48E8-9260-62A12D30F81C}.Debug|x64.ActiveCfg = Debug|x64
		{430407C5-059C-48E8-9260-62A12D30F81C}.Debug|x64.Build.0 = Debug|x64
		{430407C5-059C-48E8-9260-62A12D30F81C}.Debug|x86.ActiveCfg = Debug|Win32
		{430407C5-059C-48E8-9260-62A12D30F81C}.Debug|x86.Build.0 = Debug|Win32
		{430407C5-059C-48E8-9260-62A12D30F81C}.Release|Any CPU.ActiveCfg = Release|Win32
		{430407C5-059C-48E8-9260-62A12D30F81C}.Release|ARM.ActiveCfg = Release|Win32
		{430407C5-059C-48E8-9260-62A12D30F81C}.Release|ARM64.ActiveCfg = Release|Win32
		{430407C5-059C-48E8-9260-62A12D30F81C}.Release|iPhone.ActiveCfg = Release|Win32
		{430407C5-059C-48E8-9260-62A12D30F81C}.Release|iPhoneSimulator.ActiveCfg = Release|Win32
		{430407C5-059C-48E8-9260-62A12D30F81C}.Release|x64.ActiveCfg = Release|x64
		{430407C5-059C-48E8-9260-62A12D30F81C}.Release|x64.Build.0 = Release|x64
		{430407C5-059C-48E8-9260-62A12D30F81C}.Release|x86.ActiveCfg = Release|Win32
		{430407C5-059C-48E8-9260-62A12D30F81C}.Release|x86.Build.0 = Release|Win32
		{2D040C7D-757A-4292-BB59-62BC53A83C9F}.Debug|Any CPU.ActiveCfg = Debug|Win32
		{2D040C7D-757A-4292-BB59-62BC53A83C9F}.Debug|ARM.ActiveCfg = Debug|ARM
		{2D040C7D-757A-4292-BB59-62BC53A83C9F}.Debug|ARM.Build.0 = Debug|ARM
		{2D040C7D-757A-4292-BB59-62BC53A83C9F}.Debug|ARM64.ActiveCfg = Debug|ARM64
		{2D040C7D-757A-4292-BB59-62BC53A83C9F}.Debug|ARM64.Build.0 = Debug|ARM64
		{2D040C7D-757A-4292-BB59-62BC53A83C9F}.Debug|iPhone.ActiveCfg = Debug|Win32
		{2D040C7D-757A-4292-BB59-62BC53A83C9F}.Debug|iPhoneSimulator.ActiveCfg = Debug|Win32
		{2D040C7D-757A-4292-BB59-62BC53A83C9F}.Debug|x64.ActiveCfg = Debug|x64
		{2D040C7D-757A-4292-BB59-62BC53A83C9F}.Debug|x64.Build.0 = Debug|x64
		{2D040C7D-757A-4292-BB59-62BC53A83C9F}.Debug|x86.ActiveCfg = Debug|Win32
		{2D040C7D-757A-4292-BB59-62BC53A83C9F}.Debug|x86.Build.0 = Debug|Win32
		{2D040C7D-757A-4292-BB59-62BC53A83C9F}.Release|Any CPU.ActiveCfg = Release|Win32
		{2D040C7D-757A-4292-BB59-62BC53A83C9F}.Release|ARM.ActiveCfg = Release|ARM
		{2D040C7D-757A-4292-BB59-62BC53A83C9F}.Release|ARM.Build.0 = Release|ARM
		{2D040C7D-757A-4292-BB59-62BC53A83C9F}.Release|ARM64.ActiveCfg = Release|ARM64
		{2D040C7D-757A-4292-BB59-62BC53A83C9F}.Release|ARM64.Build.0 = Release|ARM64
		{2D040C7D-757A-4292-BB59-62BC53A83C9F}.Release|iPhone.ActiveCfg = Release|Win32
		{2D040C7D-757A-4292-BB59-62BC53A83C9F}.Release|iPhoneSimulator.ActiveCfg = Release|Win32
		{2D040C7D-757A-4292-BB59-62BC53A83C9F}.Release|x64.ActiveCfg = Release|x64
		{2D040C7D-757A-4292-BB59-62BC53A83C9F}.Release|x64.Build.0 = Release|x64
		{2D040C7D-757A-4292-BB59-62BC53A83C9F}.Release|x86.ActiveCfg = Release|Win32
		{2D040C7D-757A-4292-BB59-62BC53A83C9F}.Release|x86.Build.0 = Release|Win32
		{CF169157-F487-420C-8B9B-CA3ABE2BB209}.Debug|Any CPU.ActiveCfg = Debug|Win32
		{CF169157-F487-420C-8B9B-CA3ABE2BB209}.Debug|ARM.ActiveCfg = Debug|ARM
		{CF169157-F487-420C-8B9B-CA3ABE2BB209}.Debug|ARM.Build.0 = Debug|ARM
		{CF169157-F487-420C-8B9B-CA3ABE2BB209}.Debug|ARM64.ActiveCfg = Debug|ARM64
		{CF169157-F487-420C-8B9B-CA3ABE2BB209}.Debug|ARM64.Build.0 = Debug|ARM64
		{CF169157-F487-420C-8B9B-CA3ABE2BB209}.Debug|iPhone.ActiveCfg = Debug|Win32
		{CF169157-F487-420C-8B9B-CA3ABE2BB209}.Debug|iPhoneSimulator.ActiveCfg = Debug|Win32
		{CF169157-F487-420C-8B9B-CA3ABE2BB209}.Debug|x64.ActiveCfg = Debug|x64
		{CF169157-F487-420C-8B9B-CA3ABE2BB209}.Debug|x64.Build.0 = Debug|x64
		{CF169157-F487-420C-8B9B-CA3ABE2BB209}.Debug|x86.ActiveCfg = Debug|Win32
		{CF169157-F487-420C-8B9B-CA3ABE2BB209}.Debug|x86.Build.0 = Debug|Win32
		{CF169157-F487-420C-8B9B-CA3ABE2BB209}.Release|Any CPU.ActiveCfg = Release|Win32
		{CF169157-F487-420C-8B9B-CA3ABE2BB209}.Release|ARM.ActiveCfg = Release|ARM
		{CF169157-F487-420C-8B9B-CA3ABE2BB209}.Release|ARM.Build.0 = Release|ARM
		{CF169157-F487-420C-8B9B-CA3ABE2BB209}.Release|ARM64.ActiveCfg = Release|ARM64
		{CF169157-F487-420C-8B9B-CA3ABE2BB209}.Release|ARM64.Build.0 = Release|ARM64
		{CF169157-F487-420C-8B9B-CA3ABE2BB209}.Release|iPhone.ActiveCfg = Release|Win32
		{CF169157-F487-420C-8B9B-CA3ABE2BB209}.Release|iPhoneSimulator.ActiveCfg = Release|Win32
		{CF169157-F487-420C-8B9B-CA3ABE2BB209}.Release|x64.ActiveCfg = Release|x64
		{CF169157-F487-420C-8B9B-CA3ABE2BB209}.Release|x64.Build.0 = Release|x64
		{CF169157-F487-420C-8B9B-CA3ABE2BB209}.Release|x86.ActiveCfg = Release|Win32
		{CF169157-F487-420C-8B9B-CA3ABE2BB209}.Release|x86.Build.0 = Release|Win32
		{B671F4B7-841C-465A-B976-8FDB74879ECA}.Debug|Any CPU.ActiveCfg = Debug|x86
		{B671F4B7-841C-465A-B976-8FDB74879ECA}.Debug|ARM.ActiveCfg = Debug|ARM
		{B671F4B7-841C-465A-B976-8FDB74879ECA}.Debug|ARM.Build.0 = Debug|ARM
		{B671F4B7-841C-465A-B976-8FDB74879ECA}.Debug|ARM.Deploy.0 = Debug|ARM
		{B671F4B7-841C-465A-B976-8FDB74879ECA}.Debug|ARM64.ActiveCfg = Debug|x86
		{B671F4B7-841C-465A-B976-8FDB74879ECA}.Debug|iPhone.ActiveCfg = Debug|x86
		{B671F4B7-841C-465A-B976-8FDB74879ECA}.Debug|iPhoneSimulator.ActiveCfg = Debug|x86
		{B671F4B7-841C-465A-B976-8FDB74879ECA}.Debug|x64.ActiveCfg = Debug|x64
		{B671F4B7-841C-465A-B976-8FDB74879ECA}.Debug|x64.Build.0 = Debug|x64
		{B671F4B7-841C-465A-B976-8FDB74879ECA}.Debug|x64.Deploy.0 = Debug|x64
		{B671F4B7-841C-465A-B976-8FDB74879ECA}.Debug|x86.ActiveCfg = Debug|x86
		{B671F4B7-841C-465A-B976-8FDB74879ECA}.Debug|x86.Build.0 = Debug|x86
		{B671F4B7-841C-465A-B976-8FDB74879ECA}.Debug|x86.Deploy.0 = Debug|x86
		{B671F4B7-841C-465A-B976-8FDB74879ECA}.Release|Any CPU.ActiveCfg = Release|x86
		{B671F4B7-841C-465A-B976-8FDB74879ECA}.Release|ARM.ActiveCfg = Release|ARM
		{B671F4B7-841C-465A-B976-8FDB74879ECA}.Release|ARM.Build.0 = Release|ARM
		{B671F4B7-841C-465A-B976-8FDB74879ECA}.Release|ARM.Deploy.0 = Release|ARM
		{B671F4B7-841C-465A-B976-8FDB74879ECA}.Release|ARM64.ActiveCfg = Release|x86
		{B671F4B7-841C-465A-B976-8FDB74879ECA}.Release|iPhone.ActiveCfg = Release|x86
		{B671F4B7-841C-465A-B976-8FDB74879ECA}.Release|iPhoneSimulator.ActiveCfg = Release|x86
		{B671F4B7-841C-465A-B976-8FDB74879ECA}.Release|x64.ActiveCfg = Release|x64
		{B671F4B7-841C-465A-B976-8FDB74879ECA}.Release|x64.Build.0 = Release|x64
		{B671F4B7-841C-465A-B976-8FDB74879ECA}.Release|x64.Deploy.0 = Release|x64
		{B671F4B7-841C-465A-B976-8FDB74879ECA}.Release|x86.ActiveCfg = Release|x86
		{B671F4B7-841C-465A-B976-8FDB74879ECA}.Release|x86.Build.0 = Release|x86
		{B671F4B7-841C-465A-B976-8FDB74879ECA}.Release|x86.Deploy.0 = Release|x86
		{6C3BB9BB-89A9-4072-A34D-80BA9D0A073F}.Debug|Any CPU.ActiveCfg = Debug|Any CPU
		{6C3BB9BB-89A9-4072-A34D-80BA9D0A073F}.Debug|Any CPU.Build.0 = Debug|Any CPU
		{6C3BB9BB-89A9-4072-A34D-80BA9D0A073F}.Debug|Any CPU.Deploy.0 = Debug|Any CPU
		{6C3BB9BB-89A9-4072-A34D-80BA9D0A073F}.Debug|ARM.ActiveCfg = Debug|Any CPU
		{6C3BB9BB-89A9-4072-A34D-80BA9D0A073F}.Debug|ARM.Build.0 = Debug|Any CPU
		{6C3BB9BB-89A9-4072-A34D-80BA9D0A073F}.Debug|ARM.Deploy.0 = Debug|Any CPU
		{6C3BB9BB-89A9-4072-A34D-80BA9D0A073F}.Debug|ARM64.ActiveCfg = Debug|Any CPU
		{6C3BB9BB-89A9-4072-A34D-80BA9D0A073F}.Debug|ARM64.Build.0 = Debug|Any CPU
		{6C3BB9BB-89A9-4072-A34D-80BA9D0A073F}.Debug|ARM64.Deploy.0 = Debug|Any CPU
		{6C3BB9BB-89A9-4072-A34D-80BA9D0A073F}.Debug|iPhone.ActiveCfg = Debug|Any CPU
		{6C3BB9BB-89A9-4072-A34D-80BA9D0A073F}.Debug|iPhone.Build.0 = Debug|Any CPU
		{6C3BB9BB-89A9-4072-A34D-80BA9D0A073F}.Debug|iPhone.Deploy.0 = Debug|Any CPU
		{6C3BB9BB-89A9-4072-A34D-80BA9D0A073F}.Debug|iPhoneSimulator.ActiveCfg = Debug|Any CPU
		{6C3BB9BB-89A9-4072-A34D-80BA9D0A073F}.Debug|iPhoneSimulator.Build.0 = Debug|Any CPU
		{6C3BB9BB-89A9-4072-A34D-80BA9D0A073F}.Debug|iPhoneSimulator.Deploy.0 = Debug|Any CPU
		{6C3BB9BB-89A9-4072-A34D-80BA9D0A073F}.Debug|x64.ActiveCfg = Debug|Any CPU
		{6C3BB9BB-89A9-4072-A34D-80BA9D0A073F}.Debug|x64.Build.0 = Debug|Any CPU
		{6C3BB9BB-89A9-4072-A34D-80BA9D0A073F}.Debug|x64.Deploy.0 = Debug|Any CPU
		{6C3BB9BB-89A9-4072-A34D-80BA9D0A073F}.Debug|x86.ActiveCfg = Debug|Any CPU
		{6C3BB9BB-89A9-4072-A34D-80BA9D0A073F}.Debug|x86.Build.0 = Debug|Any CPU
		{6C3BB9BB-89A9-4072-A34D-80BA9D0A073F}.Debug|x86.Deploy.0 = Debug|Any CPU
		{6C3BB9BB-89A9-4072-A34D-80BA9D0A073F}.Release|Any CPU.ActiveCfg = Release|Any CPU
		{6C3BB9BB-89A9-4072-A34D-80BA9D0A073F}.Release|Any CPU.Build.0 = Release|Any CPU
		{6C3BB9BB-89A9-4072-A34D-80BA9D0A073F}.Release|Any CPU.Deploy.0 = Release|Any CPU
		{6C3BB9BB-89A9-4072-A34D-80BA9D0A073F}.Release|ARM.ActiveCfg = Release|Any CPU
		{6C3BB9BB-89A9-4072-A34D-80BA9D0A073F}.Release|ARM.Build.0 = Release|Any CPU
		{6C3BB9BB-89A9-4072-A34D-80BA9D0A073F}.Release|ARM.Deploy.0 = Release|Any CPU
		{6C3BB9BB-89A9-4072-A34D-80BA9D0A073F}.Release|ARM64.ActiveCfg = Release|Any CPU
		{6C3BB9BB-89A9-4072-A34D-80BA9D0A073F}.Release|ARM64.Build.0 = Release|Any CPU
		{6C3BB9BB-89A9-4072-A34D-80BA9D0A073F}.Release|ARM64.Deploy.0 = Release|Any CPU
		{6C3BB9BB-89A9-4072-A34D-80BA9D0A073F}.Release|iPhone.ActiveCfg = Release|Any CPU
		{6C3BB9BB-89A9-4072-A34D-80BA9D0A073F}.Release|iPhone.Build.0 = Release|Any CPU
		{6C3BB9BB-89A9-4072-A34D-80BA9D0A073F}.Release|iPhone.Deploy.0 = Release|Any CPU
		{6C3BB9BB-89A9-4072-A34D-80BA9D0A073F}.Release|iPhoneSimulator.ActiveCfg = Release|Any CPU
		{6C3BB9BB-89A9-4072-A34D-80BA9D0A073F}.Release|iPhoneSimulator.Build.0 = Release|Any CPU
		{6C3BB9BB-89A9-4072-A34D-80BA9D0A073F}.Release|iPhoneSimulator.Deploy.0 = Release|Any CPU
		{6C3BB9BB-89A9-4072-A34D-80BA9D0A073F}.Release|x64.ActiveCfg = Release|Any CPU
		{6C3BB9BB-89A9-4072-A34D-80BA9D0A073F}.Release|x64.Build.0 = Release|Any CPU
		{6C3BB9BB-89A9-4072-A34D-80BA9D0A073F}.Release|x64.Deploy.0 = Release|Any CPU
		{6C3BB9BB-89A9-4072-A34D-80BA9D0A073F}.Release|x86.ActiveCfg = Release|Any CPU
		{6C3BB9BB-89A9-4072-A34D-80BA9D0A073F}.Release|x86.Build.0 = Release|Any CPU
		{6C3BB9BB-89A9-4072-A34D-80BA9D0A073F}.Release|x86.Deploy.0 = Release|Any CPU
		{9F36FD05-862D-48AA-AF43-BA0E03639150}.Debug|Any CPU.ActiveCfg = Debug|iPhone
		{9F36FD05-862D-48AA-AF43-BA0E03639150}.Debug|ARM.ActiveCfg = Debug|iPhone
		{9F36FD05-862D-48AA-AF43-BA0E03639150}.Debug|ARM64.ActiveCfg = Debug|iPhone
		{9F36FD05-862D-48AA-AF43-BA0E03639150}.Debug|iPhone.ActiveCfg = Debug|iPhone
		{9F36FD05-862D-48AA-AF43-BA0E03639150}.Debug|iPhone.Build.0 = Debug|iPhone
		{9F36FD05-862D-48AA-AF43-BA0E03639150}.Debug|iPhoneSimulator.ActiveCfg = Debug|iPhoneSimulator
		{9F36FD05-862D-48AA-AF43-BA0E03639150}.Debug|iPhoneSimulator.Build.0 = Debug|iPhoneSimulator
		{9F36FD05-862D-48AA-AF43-BA0E03639150}.Debug|x64.ActiveCfg = Debug|iPhone
		{9F36FD05-862D-48AA-AF43-BA0E03639150}.Debug|x86.ActiveCfg = Debug|iPhone
		{9F36FD05-862D-48AA-AF43-BA0E03639150}.Release|Any CPU.ActiveCfg = Release|iPhone
		{9F36FD05-862D-48AA-AF43-BA0E03639150}.Release|ARM.ActiveCfg = Release|iPhone
		{9F36FD05-862D-48AA-AF43-BA0E03639150}.Release|ARM64.ActiveCfg = Release|iPhone
		{9F36FD05-862D-48AA-AF43-BA0E03639150}.Release|iPhone.ActiveCfg = Release|iPhone
		{9F36FD05-862D-48AA-AF43-BA0E03639150}.Release|iPhone.Build.0 = Release|iPhone
		{9F36FD05-862D-48AA-AF43-BA0E03639150}.Release|iPhoneSimulator.ActiveCfg = Release|iPhoneSimulator
		{9F36FD05-862D-48AA-AF43-BA0E03639150}.Release|iPhoneSimulator.Build.0 = Release|iPhoneSimulator
		{9F36FD05-862D-48AA-AF43-BA0E03639150}.Release|x64.ActiveCfg = Release|iPhone
		{9F36FD05-862D-48AA-AF43-BA0E03639150}.Release|x86.ActiveCfg = Release|iPhone
		{2E8D5FF2-5464-4480-9C92-D14CBE29E078}.Debug|Any CPU.ActiveCfg = Debug|Any CPU
		{2E8D5FF2-5464-4480-9C92-D14CBE29E078}.Debug|Any CPU.Build.0 = Debug|Any CPU
		{2E8D5FF2-5464-4480-9C92-D14CBE29E078}.Debug|ARM.ActiveCfg = Debug|Any CPU
		{2E8D5FF2-5464-4480-9C92-D14CBE29E078}.Debug|ARM.Build.0 = Debug|Any CPU
		{2E8D5FF2-5464-4480-9C92-D14CBE29E078}.Debug|ARM64.ActiveCfg = Debug|Any CPU
		{2E8D5FF2-5464-4480-9C92-D14CBE29E078}.Debug|ARM64.Build.0 = Debug|Any CPU
		{2E8D5FF2-5464-4480-9C92-D14CBE29E078}.Debug|iPhone.ActiveCfg = Debug|Any CPU
		{2E8D5FF2-5464-4480-9C92-D14CBE29E078}.Debug|iPhone.Build.0 = Debug|Any CPU
		{2E8D5FF2-5464-4480-9C92-D14CBE29E078}.Debug|iPhoneSimulator.ActiveCfg = Debug|Any CPU
		{2E8D5FF2-5464-4480-9C92-D14CBE29E078}.Debug|iPhoneSimulator.Build.0 = Debug|Any CPU
		{2E8D5FF2-5464-4480-9C92-D14CBE29E078}.Debug|x64.ActiveCfg = Debug|Any CPU
		{2E8D5FF2-5464-4480-9C92-D14CBE29E078}.Debug|x64.Build.0 = Debug|Any CPU
		{2E8D5FF2-5464-4480-9C92-D14CBE29E078}.Debug|x86.ActiveCfg = Debug|Any CPU
		{2E8D5FF2-5464-4480-9C92-D14CBE29E078}.Debug|x86.Build.0 = Debug|Any CPU
		{2E8D5FF2-5464-4480-9C92-D14CBE29E078}.Release|Any CPU.ActiveCfg = Release|Any CPU
		{2E8D5FF2-5464-4480-9C92-D14CBE29E078}.Release|Any CPU.Build.0 = Release|Any CPU
		{2E8D5FF2-5464-4480-9C92-D14CBE29E078}.Release|ARM.ActiveCfg = Release|Any CPU
		{2E8D5FF2-5464-4480-9C92-D14CBE29E078}.Release|ARM.Build.0 = Release|Any CPU
		{2E8D5FF2-5464-4480-9C92-D14CBE29E078}.Release|ARM64.ActiveCfg = Release|Any CPU
		{2E8D5FF2-5464-4480-9C92-D14CBE29E078}.Release|ARM64.Build.0 = Release|Any CPU
		{2E8D5FF2-5464-4480-9C92-D14CBE29E078}.Release|iPhone.ActiveCfg = Release|Any CPU
		{2E8D5FF2-5464-4480-9C92-D14CBE29E078}.Release|iPhone.Build.0 = Release|Any CPU
		{2E8D5FF2-5464-4480-9C92-D14CBE29E078}.Release|iPhoneSimulator.ActiveCfg = Release|Any CPU
		{2E8D5FF2-5464-4480-9C92-D14CBE29E078}.Release|iPhoneSimulator.Build.0 = Release|Any CPU
		{2E8D5FF2-5464-4480-9C92-D14CBE29E078}.Release|x64.ActiveCfg = Release|Any CPU
		{2E8D5FF2-5464-4480-9C92-D14CBE29E078}.Release|x64.Build.0 = Release|Any CPU
		{2E8D5FF2-5464-4480-9C92-D14CBE29E078}.Release|x86.ActiveCfg = Release|Any CPU
		{2E8D5FF2-5464-4480-9C92-D14CBE29E078}.Release|x86.Build.0 = Release|Any CPU
	EndGlobalSection
	GlobalSection(SolutionProperties) = preSolution
		HideSolutionNode = FALSE
	EndGlobalSection
	GlobalSection(NestedProjects) = preSolution
		{070677F7-33B5-4ABC-B82F-44F6234D2F71} = {AFA0A446-9AE6-41DD-B6C9-13B51964F033}
		{01A4695A-B60E-4910-B6D6-4F98B23C52AF} = {AFA0A446-9AE6-41DD-B6C9-13B51964F033}
		{4756BB29-DCA4-4BA4-BDAB-2FDE260A6C98} = {AFA0A446-9AE6-41DD-B6C9-13B51964F033}
		{0B6AB94B-9208-4463-B9FB-2F080B15DDD0} = {AFA0A446-9AE6-41DD-B6C9-13B51964F033}
		{98A14838-2FDB-4CA1-892C-93154122C3BB} = {AFA0A446-9AE6-41DD-B6C9-13B51964F033}
		{DC69056C-24E0-4AD1-82A6-6F1DEB2AE70E} = {AFA0A446-9AE6-41DD-B6C9-13B51964F033}
		{430407C5-059C-48E8-9260-62A12D30F81C} = {AFA0A446-9AE6-41DD-B6C9-13B51964F033}
		{2D040C7D-757A-4292-BB59-62BC53A83C9F} = {AFA0A446-9AE6-41DD-B6C9-13B51964F033}
		{CF169157-F487-420C-8B9B-CA3ABE2BB209} = {AFA0A446-9AE6-41DD-B6C9-13B51964F033}
		{B671F4B7-841C-465A-B976-8FDB74879ECA} = {9023FBC8-AEBB-470A-841A-EB128B2D098B}
		{6C3BB9BB-89A9-4072-A34D-80BA9D0A073F} = {9023FBC8-AEBB-470A-841A-EB128B2D098B}
		{9F36FD05-862D-48AA-AF43-BA0E03639150} = {9023FBC8-AEBB-470A-841A-EB128B2D098B}
		{2E8D5FF2-5464-4480-9C92-D14CBE29E078} = {9023FBC8-AEBB-470A-841A-EB128B2D098B}
	EndGlobalSection
	GlobalSection(ExtensibilityGlobals) = postSolution
		SolutionGuid = {5DED95F5-0F09-4CA4-B702-F8AB5AD84B7C}
	EndGlobalSection
EndGlobal
