{
	"name": "@microsoft/adaptivecards-ui-testapp",
	"version": "1.2.0-alpha.0",
	"lockfileVersion": 2,
	"requires": true,
	"packages": {
		"": {
			"name": "@microsoft/adaptivecards-ui-testapp",
			"version": "1.2.0-alpha.0",
			"license": "MIT",
			"dependencies": {
				"remarkable": "^2.0.1"
			},
			"devDependencies": {
				"adaptive-expressions": "^4.11.0"
			}
		},
		"node_modules/@microsoft/recognizers-text-data-types-timex-expression": {
			"version": "1.3.0",
			"resolved": "https://registry.npmjs.org/@microsoft/recognizers-text-data-types-timex-expression/-/recognizers-text-data-types-timex-expression-1.3.0.tgz",
			"integrity": "sha512-REHUXmMUI1jL3b9v+aSdzKxLxRdejsfg9McYRxY3LW0Gu4UbwD7Q+K6mtSo40cwg8uh6fiV9GY8hDuKXHH6dVA==",
			"dev": true,
			"engines": {
				"node": ">=10.3.0"
			}
		},
		"node_modules/@types/atob-lite": {
			"version": "2.0.0",
			"resolved": "https://registry.npmjs.org/@types/atob-lite/-/atob-lite-2.0.0.tgz",
			"integrity": "sha512-7bjymPR7Ffa1/L3HskkaxMgTQDtwFObbISzHm9g3T12VyD89IiHS3BBVojlQHyZRiIilzdh0WT1gwwgyyBtLGQ==",
			"dev": true
		},
		"node_modules/@types/btoa-lite": {
			"version": "1.0.0",
			"resolved": "https://registry.npmjs.org/@types/btoa-lite/-/btoa-lite-1.0.0.tgz",
			"integrity": "sha512-wJsiX1tosQ+J5+bY5LrSahHxr2wT+uME5UDwdN1kg4frt40euqA+wzECkmq4t5QbveHiJepfdThgQrPw6KiSlg==",
			"dev": true
		},
		"node_modules/@types/lodash": {
			"version": "4.14.172",
			"resolved": "https://registry.npmjs.org/@types/lodash/-/lodash-4.14.172.tgz",
			"integrity": "sha512-/BHF5HAx3em7/KkzVKm3LrsD6HZAXuXO1AJZQ3cRRBZj4oHZDviWPYu0aEplAqDFNHZPW6d3G7KN+ONcCCC7pw==",
			"dev": true
		},
		"node_modules/@types/lodash.isequal": {
			"version": "4.5.5",
			"resolved": "https://registry.npmjs.org/@types/lodash.isequal/-/lodash.isequal-4.5.5.tgz",
			"integrity": "sha512-4IKbinG7MGP131wRfceK6W4E/Qt3qssEFLF30LnJbjYiSfHGGRU/Io8YxXrZX109ir+iDETC8hw8QsDijukUVg==",
			"dev": true,
			"dependencies": {
				"@types/lodash": "*"
			}
		},
		"node_modules/@types/lru-cache": {
			"version": "5.1.1",
			"resolved": "https://registry.npmjs.org/@types/lru-cache/-/lru-cache-5.1.1.tgz",
			"integrity": "sha512-ssE3Vlrys7sdIzs5LOxCzTVMsU7i9oa/IaW92wF32JFb3CVczqOkru2xspuKczHEbG3nvmPY7IFqVmGGHdNbYw==",
			"dev": true
		},
		"node_modules/@types/xmldom": {
			"version": "0.1.31",
			"resolved": "https://registry.npmjs.org/@types/xmldom/-/xmldom-0.1.31.tgz",
			"integrity": "sha512-bVy7s0nvaR5D1mT1a8ZkByHWNOGb6Vn4yi5TWhEdmyKlAG+08SA7Md6+jH+tYmMLueAwNeWvHHpeKrr6S4c4BA==",
			"dev": true
		},
		"node_modules/@xmldom/xmldom": {
			"version": "0.7.9",
			"resolved": "https://registry.npmjs.org/@xmldom/xmldom/-/xmldom-0.7.9.tgz",
			"integrity": "sha512-yceMpm/xd4W2a85iqZyO09gTnHvXF6pyiWjD2jcOJs7hRoZtNNOO1eJlhHj1ixA+xip2hOyGn+LgcvLCMo5zXA==",
			"dev": true,
			"engines": {
				"node": ">=10.0.0"
			}
		},
		"node_modules/adaptive-expressions": {
			"version": "4.16.0",
			"resolved": "https://registry.npmjs.org/adaptive-expressions/-/adaptive-expressions-4.16.0.tgz",
			"integrity": "sha512-iE+UxksZuUv4CO5vyNerODxXWLNuzyntfZMs624BE8oImVHZAXqUaoKin+pWJS2MPWmife4gAuwhJiiCvVK+Ng==",
			"dev": true,
			"dependencies": {
				"@microsoft/recognizers-text-data-types-timex-expression": "1.3.0",
				"@types/atob-lite": "^2.0.0",
				"@types/btoa-lite": "^1.0.0",
				"@types/lodash.isequal": "^4.5.5",
				"@types/lru-cache": "^5.1.0",
				"@types/xmldom": "^0.1.30",
				"@xmldom/xmldom": "^0.7.4",
				"antlr4ts": "0.5.0-alpha.3",
				"atob-lite": "^2.0.0",
				"big-integer": "^1.6.48",
				"btoa-lite": "^1.0.0",
				"d3-format": "^1.4.4",
				"dayjs": "^1.10.3",
				"fast-xml-parser": "^3.19.0",
				"jspath": "^0.4.0",
				"lodash.isequal": "^4.5.0",
				"lru-cache": "^5.1.1",
				"uuid": "^8.3.2",
				"xpath": "^0.0.32"
			}
		},
		"node_modules/adaptive-expressions/node_modules/lru-cache": {
			"version": "5.1.1",
			"resolved": "https://registry.npmjs.org/lru-cache/-/lru-cache-5.1.1.tgz",
			"integrity": "sha512-KpNARQA3Iwv+jTA0utUVVbrh+Jlrr1Fv0e56GGzAFOXN7dk/FviaDW8LHmK52DlcH4WP2n6gI8vN1aesBFgo9w==",
			"dev": true,
			"dependencies": {
				"yallist": "^3.0.2"
			}
		},
		"node_modules/adaptive-expressions/node_modules/uuid": {
			"version": "8.3.2",
			"resolved": "https://registry.npmjs.org/uuid/-/uuid-8.3.2.tgz",
			"integrity": "sha512-+NYs2QeMWy+GWFOEm9xnn6HCDp0l7QBD7ml8zLUmJ+93Q5NF0NocErnwkTkXVFNiX3/fpC6afS8Dhb/gz7R7eg==",
			"dev": true,
			"bin": {
				"uuid": "dist/bin/uuid"
			}
		},
		"node_modules/adaptive-expressions/node_modules/yallist": {
			"version": "3.1.1",
			"resolved": "https://registry.npmjs.org/yallist/-/yallist-3.1.1.tgz",
			"integrity": "sha512-a4UGQaWPH59mOXUYnAG2ewncQS4i4F43Tv3JoAM+s2VDAmS9NsK8GpDMLrCHPksFT7h3K6TOoUNn2pb7RoXx4g==",
			"dev": true
		},
		"node_modules/antlr4ts": {
			"version": "0.5.0-alpha.3",
			"resolved": "https://registry.npmjs.org/antlr4ts/-/antlr4ts-0.5.0-alpha.3.tgz",
			"integrity": "sha512-La89tKkGcHFIVuruv4Bm1esc3zLmES2NOTEwwNS1pudz+zx/0FNqQeUu9p48i9/QHKPVqjN87LB+q3buTg7oDQ==",
			"dev": true
		},
		"node_modules/argparse": {
			"version": "1.0.10",
			"resolved": "https://registry.npmjs.org/argparse/-/argparse-1.0.10.tgz",
			"integrity": "sha512-o5Roy6tNG4SL/FOkCAN6RzjiakZS25RLYFrcMttJqbdd8BWrnA+fGz57iN5Pb06pvBGvl5gQ0B48dJlslXvoTg==",
			"dependencies": {
				"sprintf-js": "~1.0.2"
			}
		},
		"node_modules/atob-lite": {
			"version": "2.0.0",
			"resolved": "https://registry.npmjs.org/atob-lite/-/atob-lite-2.0.0.tgz",
			"integrity": "sha1-D+9a1G8b16hQLGVyfwNn1e5D1pY=",
			"dev": true
		},
		"node_modules/autolinker": {
			"version": "3.14.3",
			"resolved": "https://registry.npmjs.org/autolinker/-/autolinker-3.14.3.tgz",
			"integrity": "sha512-t81i2bCpS+s+5FIhatoww9DmpjhbdiimuU9ATEuLxtZMQ7jLv9fyFn7SWNG8IkEfD4AmYyirL1ss9k1aqVWRvg==",
			"dependencies": {
				"tslib": "^1.9.3"
			}
		},
		"node_modules/big-integer": {
			"version": "1.6.48",
			"resolved": "https://registry.npmjs.org/big-integer/-/big-integer-1.6.48.tgz",
			"integrity": "sha512-j51egjPa7/i+RdiRuJbPdJ2FIUYYPhvYLjzoYbcMMm62ooO6F94fETG4MTs46zPAF9Brs04OajboA/qTGuz78w==",
			"dev": true,
			"engines": {
				"node": ">=0.6"
			}
		},
		"node_modules/btoa-lite": {
			"version": "1.0.0",
			"resolved": "https://registry.npmjs.org/btoa-lite/-/btoa-lite-1.0.0.tgz",
			"integrity": "sha1-M3dm2hWAEhD92VbCLpxokaudAzc=",
			"dev": true
		},
		"node_modules/d3-format": {
			"version": "1.4.5",
			"resolved": "https://registry.npmjs.org/d3-format/-/d3-format-1.4.5.tgz",
			"integrity": "sha512-J0piedu6Z8iB6TbIGfZgDzfXxUFN3qQRMofy2oPdXzQibYGqPB/9iMcxr/TGalU+2RsyDO+U4f33id8tbnSRMQ==",
			"dev": true
		},
		"node_modules/dayjs": {
			"version": "1.10.6",
			"resolved": "https://registry.npmjs.org/dayjs/-/dayjs-1.10.6.tgz",
			"integrity": "sha512-AztC/IOW4L1Q41A86phW5Thhcrco3xuAA+YX/BLpLWWjRcTj5TOt/QImBLmCKlrF7u7k47arTnOyL6GnbG8Hvw==",
			"dev": true
		},
		"node_modules/fast-xml-parser": {
			"version": "3.21.1",
			"resolved": "https://registry.npmjs.org/fast-xml-parser/-/fast-xml-parser-3.21.1.tgz",
			"integrity": "sha512-FTFVjYoBOZTJekiUsawGsSYV9QL0A+zDYCRj7y34IO6Jg+2IMYEtQa+bbictpdpV8dHxXywqU7C0gRDEOFtBFg==",
			"dev": true,
			"dependencies": {
				"strnum": "^1.0.4"
			},
			"bin": {
				"xml2js": "cli.js"
			},
			"funding": {
				"type": "paypal",
				"url": "https://paypal.me/naturalintelligence"
			}
		},
		"node_modules/jspath": {
			"version": "0.4.0",
			"resolved": "https://registry.npmjs.org/jspath/-/jspath-0.4.0.tgz",
			"integrity": "sha512-2/R8wkot8NCXrppBT/onp+4mcAUAZqtPxsW6aSJU3hrFAVqKqtFYcat2XJZ7inN4RtATUxfv0UQSYOmvJKiIGA==",
			"dev": true,
			"engines": {
				"node": ">= 0.4.0"
			}
		},
		"node_modules/lodash.isequal": {
			"version": "4.5.0",
			"resolved": "https://registry.npmjs.org/lodash.isequal/-/lodash.isequal-4.5.0.tgz",
			"integrity": "sha1-QVxEePK8wwEgwizhDtMib30+GOA=",
			"dev": true
		},
		"node_modules/remarkable": {
			"version": "2.0.1",
			"resolved": "https://registry.npmjs.org/remarkable/-/remarkable-2.0.1.tgz",
			"integrity": "sha512-YJyMcOH5lrR+kZdmB0aJJ4+93bEojRZ1HGDn9Eagu6ibg7aVZhc3OWbbShRid+Q5eAfsEqWxpe+g5W5nYNfNiA==",
			"dependencies": {
				"argparse": "^1.0.10",
				"autolinker": "^3.11.0"
			},
			"bin": {
				"remarkable": "bin/remarkable.js"
			},
			"engines": {
				"node": ">= 6.0.0"
			}
		},
		"node_modules/sprintf-js": {
			"version": "1.0.3",
			"resolved": "https://registry.npmjs.org/sprintf-js/-/sprintf-js-1.0.3.tgz",
			"integrity": "sha1-BOaSb2YolTVPPdAVIDYzuFcpfiw="
		},
		"node_modules/strnum": {
			"version": "1.0.5",
			"resolved": "https://registry.npmjs.org/strnum/-/strnum-1.0.5.tgz",
			"integrity": "sha512-J8bbNyKKXl5qYcR36TIO8W3mVGVHrmmxsd5PAItGkmyzwJvybiw2IVq5nqd0i4LSNSkB/sx9VHllbfFdr9k1JA==",
			"dev": true
		},
		"node_modules/tslib": {
			"version": "1.14.1",
			"resolved": "https://registry.npmjs.org/tslib/-/tslib-1.14.1.tgz",
			"integrity": "sha512-Xni35NKzjgMrwevysHTCArtLDpPvye8zV/0E4EyYn43P7/7qvQwPh9BGkHewbMulVntbigmcT7rdX3BNo9wRJg=="
		},
		"node_modules/xpath": {
			"version": "0.0.32",
			"resolved": "https://registry.npmjs.org/xpath/-/xpath-0.0.32.tgz",
			"integrity": "sha512-rxMJhSIoiO8vXcWvSifKqhvV96GjiD5wYb8/QHdoRyQvraTpp4IEv944nhGausZZ3u7dhQXteZuZbaqfpB7uYw==",
			"dev": true,
			"engines": {
				"node": ">=0.6.0"
			}
		}
	},
	"dependencies": {
		"@microsoft/recognizers-text-data-types-timex-expression": {
			"version": "1.3.0",
			"resolved": "https://registry.npmjs.org/@microsoft/recognizers-text-data-types-timex-expression/-/recognizers-text-data-types-timex-expression-1.3.0.tgz",
			"integrity": "sha512-REHUXmMUI1jL3b9v+aSdzKxLxRdejsfg9McYRxY3LW0Gu4UbwD7Q+K6mtSo40cwg8uh6fiV9GY8hDuKXHH6dVA==",
			"dev": true
		},
		"@types/atob-lite": {
			"version": "2.0.0",
			"resolved": "https://registry.npmjs.org/@types/atob-lite/-/atob-lite-2.0.0.tgz",
			"integrity": "sha512-7bjymPR7Ffa1/L3HskkaxMgTQDtwFObbISzHm9g3T12VyD89IiHS3BBVojlQHyZRiIilzdh0WT1gwwgyyBtLGQ==",
			"dev": true
		},
		"@types/btoa-lite": {
			"version": "1.0.0",
			"resolved": "https://registry.npmjs.org/@types/btoa-lite/-/btoa-lite-1.0.0.tgz",
			"integrity": "sha512-wJsiX1tosQ+J5+bY5LrSahHxr2wT+uME5UDwdN1kg4frt40euqA+wzECkmq4t5QbveHiJepfdThgQrPw6KiSlg==",
			"dev": true
		},
		"@types/lodash": {
			"version": "4.14.172",
			"resolved": "https://registry.npmjs.org/@types/lodash/-/lodash-4.14.172.tgz",
			"integrity": "sha512-/BHF5HAx3em7/KkzVKm3LrsD6HZAXuXO1AJZQ3cRRBZj4oHZDviWPYu0aEplAqDFNHZPW6d3G7KN+ONcCCC7pw==",
			"dev": true
		},
		"@types/lodash.isequal": {
			"version": "4.5.5",
			"resolved": "https://registry.npmjs.org/@types/lodash.isequal/-/lodash.isequal-4.5.5.tgz",
			"integrity": "sha512-4IKbinG7MGP131wRfceK6W4E/Qt3qssEFLF30LnJbjYiSfHGGRU/Io8YxXrZX109ir+iDETC8hw8QsDijukUVg==",
			"dev": true,
			"requires": {
				"@types/lodash": "*"
			}
		},
		"@types/lru-cache": {
			"version": "5.1.1",
			"resolved": "https://registry.npmjs.org/@types/lru-cache/-/lru-cache-5.1.1.tgz",
			"integrity": "sha512-ssE3Vlrys7sdIzs5LOxCzTVMsU7i9oa/IaW92wF32JFb3CVczqOkru2xspuKczHEbG3nvmPY7IFqVmGGHdNbYw==",
			"dev": true
		},
		"@types/xmldom": {
			"version": "0.1.31",
			"resolved": "https://registry.npmjs.org/@types/xmldom/-/xmldom-0.1.31.tgz",
			"integrity": "sha512-bVy7s0nvaR5D1mT1a8ZkByHWNOGb6Vn4yi5TWhEdmyKlAG+08SA7Md6+jH+tYmMLueAwNeWvHHpeKrr6S4c4BA==",
			"dev": true
		},
		"@xmldom/xmldom": {
			"version": "0.7.9",
			"resolved": "https://registry.npmjs.org/@xmldom/xmldom/-/xmldom-0.7.9.tgz",
			"integrity": "sha512-yceMpm/xd4W2a85iqZyO09gTnHvXF6pyiWjD2jcOJs7hRoZtNNOO1eJlhHj1ixA+xip2hOyGn+LgcvLCMo5zXA==",
			"dev": true
		},
		"adaptive-expressions": {
			"version": "4.16.0",
			"resolved": "https://registry.npmjs.org/adaptive-expressions/-/adaptive-expressions-4.16.0.tgz",
			"integrity": "sha512-iE+UxksZuUv4CO5vyNerODxXWLNuzyntfZMs624BE8oImVHZAXqUaoKin+pWJS2MPWmife4gAuwhJiiCvVK+Ng==",
			"dev": true,
			"requires": {
				"@microsoft/recognizers-text-data-types-timex-expression": "1.3.0",
				"@types/atob-lite": "^2.0.0",
				"@types/btoa-lite": "^1.0.0",
				"@types/lodash.isequal": "^4.5.5",
				"@types/lru-cache": "^5.1.0",
				"@types/xmldom": "^0.1.30",
				"@xmldom/xmldom": "^0.7.4",
				"antlr4ts": "0.5.0-alpha.3",
				"atob-lite": "^2.0.0",
				"big-integer": "^1.6.48",
				"btoa-lite": "^1.0.0",
				"d3-format": "^1.4.4",
				"dayjs": "^1.10.3",
				"fast-xml-parser": "^3.19.0",
				"jspath": "^0.4.0",
				"lodash.isequal": "^4.5.0",
				"lru-cache": "^5.1.1",
				"uuid": "^8.3.2",
				"xpath": "^0.0.32"
			},
			"dependencies": {
				"lru-cache": {
					"version": "5.1.1",
					"resolved": "https://registry.npmjs.org/lru-cache/-/lru-cache-5.1.1.tgz",
					"integrity": "sha512-KpNARQA3Iwv+jTA0utUVVbrh+Jlrr1Fv0e56GGzAFOXN7dk/FviaDW8LHmK52DlcH4WP2n6gI8vN1aesBFgo9w==",
					"dev": true,
					"requires": {
						"yallist": "^3.0.2"
					}
				},
				"uuid": {
					"version": "8.3.2",
					"resolved": "https://registry.npmjs.org/uuid/-/uuid-8.3.2.tgz",
					"integrity": "sha512-+NYs2QeMWy+GWFOEm9xnn6HCDp0l7QBD7ml8zLUmJ+93Q5NF0NocErnwkTkXVFNiX3/fpC6afS8Dhb/gz7R7eg==",
					"dev": true
				},
				"yallist": {
					"version": "3.1.1",
					"resolved": "https://registry.npmjs.org/yallist/-/yallist-3.1.1.tgz",
					"integrity": "sha512-a4UGQaWPH59mOXUYnAG2ewncQS4i4F43Tv3JoAM+s2VDAmS9NsK8GpDMLrCHPksFT7h3K6TOoUNn2pb7RoXx4g==",
					"dev": true
				}
			}
		},
		"antlr4ts": {
			"version": "0.5.0-alpha.3",
			"resolved": "https://registry.npmjs.org/antlr4ts/-/antlr4ts-0.5.0-alpha.3.tgz",
			"integrity": "sha512-La89tKkGcHFIVuruv4Bm1esc3zLmES2NOTEwwNS1pudz+zx/0FNqQeUu9p48i9/QHKPVqjN87LB+q3buTg7oDQ==",
			"dev": true
		},
		"argparse": {
			"version": "1.0.10",
			"resolved": "https://registry.npmjs.org/argparse/-/argparse-1.0.10.tgz",
			"integrity": "sha512-o5Roy6tNG4SL/FOkCAN6RzjiakZS25RLYFrcMttJqbdd8BWrnA+fGz57iN5Pb06pvBGvl5gQ0B48dJlslXvoTg==",
			"requires": {
				"sprintf-js": "~1.0.2"
			}
		},
		"atob-lite": {
			"version": "2.0.0",
			"resolved": "https://registry.npmjs.org/atob-lite/-/atob-lite-2.0.0.tgz",
			"integrity": "sha1-D+9a1G8b16hQLGVyfwNn1e5D1pY=",
			"dev": true
		},
		"autolinker": {
			"version": "3.14.3",
			"resolved": "https://registry.npmjs.org/autolinker/-/autolinker-3.14.3.tgz",
			"integrity": "sha512-t81i2bCpS+s+5FIhatoww9DmpjhbdiimuU9ATEuLxtZMQ7jLv9fyFn7SWNG8IkEfD4AmYyirL1ss9k1aqVWRvg==",
			"requires": {
				"tslib": "^1.9.3"
			}
		},
		"big-integer": {
			"version": "1.6.48",
			"resolved": "https://registry.npmjs.org/big-integer/-/big-integer-1.6.48.tgz",
			"integrity": "sha512-j51egjPa7/i+RdiRuJbPdJ2FIUYYPhvYLjzoYbcMMm62ooO6F94fETG4MTs46zPAF9Brs04OajboA/qTGuz78w==",
			"dev": true
		},
		"btoa-lite": {
			"version": "1.0.0",
			"resolved": "https://registry.npmjs.org/btoa-lite/-/btoa-lite-1.0.0.tgz",
			"integrity": "sha1-M3dm2hWAEhD92VbCLpxokaudAzc=",
			"dev": true
		},
		"d3-format": {
			"version": "1.4.5",
			"resolved": "https://registry.npmjs.org/d3-format/-/d3-format-1.4.5.tgz",
			"integrity": "sha512-J0piedu6Z8iB6TbIGfZgDzfXxUFN3qQRMofy2oPdXzQibYGqPB/9iMcxr/TGalU+2RsyDO+U4f33id8tbnSRMQ==",
			"dev": true
		},
		"dayjs": {
			"version": "1.10.6",
			"resolved": "https://registry.npmjs.org/dayjs/-/dayjs-1.10.6.tgz",
			"integrity": "sha512-AztC/IOW4L1Q41A86phW5Thhcrco3xuAA+YX/BLpLWWjRcTj5TOt/QImBLmCKlrF7u7k47arTnOyL6GnbG8Hvw==",
			"dev": true
		},
		"fast-xml-parser": {
			"version": "3.21.1",
			"resolved": "https://registry.npmjs.org/fast-xml-parser/-/fast-xml-parser-3.21.1.tgz",
			"integrity": "sha512-FTFVjYoBOZTJekiUsawGsSYV9QL0A+zDYCRj7y34IO6Jg+2IMYEtQa+bbictpdpV8dHxXywqU7C0gRDEOFtBFg==",
			"dev": true,
			"requires": {
				"strnum": "^1.0.4"
			}
		},
		"jspath": {
			"version": "0.4.0",
			"resolved": "https://registry.npmjs.org/jspath/-/jspath-0.4.0.tgz",
			"integrity": "sha512-2/R8wkot8NCXrppBT/onp+4mcAUAZqtPxsW6aSJU3hrFAVqKqtFYcat2XJZ7inN4RtATUxfv0UQSYOmvJKiIGA==",
			"dev": true
		},
		"lodash.isequal": {
			"version": "4.5.0",
			"resolved": "https://registry.npmjs.org/lodash.isequal/-/lodash.isequal-4.5.0.tgz",
			"integrity": "sha1-QVxEePK8wwEgwizhDtMib30+GOA=",
			"dev": true
		},
		"remarkable": {
			"version": "2.0.1",
			"resolved": "https://registry.npmjs.org/remarkable/-/remarkable-2.0.1.tgz",
			"integrity": "sha512-YJyMcOH5lrR+kZdmB0aJJ4+93bEojRZ1HGDn9Eagu6ibg7aVZhc3OWbbShRid+Q5eAfsEqWxpe+g5W5nYNfNiA==",
			"requires": {
				"argparse": "^1.0.10",
				"autolinker": "^3.11.0"
			}
		},
		"sprintf-js": {
			"version": "1.0.3",
			"resolved": "https://registry.npmjs.org/sprintf-js/-/sprintf-js-1.0.3.tgz",
			"integrity": "sha1-BOaSb2YolTVPPdAVIDYzuFcpfiw="
		},
		"strnum": {
			"version": "1.0.5",
			"resolved": "https://registry.npmjs.org/strnum/-/strnum-1.0.5.tgz",
			"integrity": "sha512-J8bbNyKKXl5qYcR36TIO8W3mVGVHrmmxsd5PAItGkmyzwJvybiw2IVq5nqd0i4LSNSkB/sx9VHllbfFdr9k1JA==",
			"dev": true
		},
		"tslib": {
			"version": "1.14.1",
			"resolved": "https://registry.npmjs.org/tslib/-/tslib-1.14.1.tgz",
			"integrity": "sha512-Xni35NKzjgMrwevysHTCArtLDpPvye8zV/0E4EyYn43P7/7qvQwPh9BGkHewbMulVntbigmcT7rdX3BNo9wRJg=="
		},
		"xpath": {
			"version": "0.0.32",
			"resolved": "https://registry.npmjs.org/xpath/-/xpath-0.0.32.tgz",
			"integrity": "sha512-rxMJhSIoiO8vXcWvSifKqhvV96GjiD5wYb8/QHdoRyQvraTpp4IEv944nhGausZZ3u7dhQXteZuZbaqfpB7uYw==",
			"dev": true
		}
	}
}
