
Microsoft Visual Studio Solution File, Format Version 12.00
# Visual Studio 15
VisualStudioVersion = 15.0.26228.10
MinimumVisualStudioVersion = 10.0.40219.1
Project("{2150E333-8FDC-42A3-9474-1A3956D46DE8}") = "Samples", "Samples", "{C443BF0A-C616-4E98-8994-C5BAE76AE556}"
EndProject
Project("{2150E333-8FDC-42A3-9474-1A3956D46DE8}") = "BotClient", "BotClient", "{C9B1806D-08AC-46AD-B34A-7610E2BA38B8}"
EndProject
Project("{2150E333-8FDC-42A3-9474-1A3956D46DE8}") = "Library", "Library", "{C7727147-4AD9-4005-A8D0-EEEED82347D3}"
EndProject
Project("{FAE04EC0-301F-11D3-BF4B-00C04F79EFBC}") = "AdaptiveCards.Rendering.Xaml.Wpf.RichInput", "Library\AdaptiveCards.Xaml.WPF.RichInput\AdaptiveCards.Rendering.Xaml.Wpf.RichInput.csproj", "{E4BD01CF-4B8B-491C-A6FE-9A8BF6550111}"
EndProject
Project("{D954291E-2A0B-460D-934E-DC6B0785DB48}") = "AdaptiveCards.Rendering.Xaml.Shared", "Library\AdaptiveCards.Xaml.Shared\AdaptiveCards.Rendering.Xaml.Shared.shproj", "{D4E691C8-F685-4E48-83D8-A063868E5E51}"
EndProject
Project("{FAE04EC0-301F-11D3-BF4B-00C04F79EFBC}") = "AdaptiveCards.Rendering.Xaml.Wpf", "Library\AdaptiveCards.Xaml.WPF\AdaptiveCards.Rendering.Xaml.Wpf.csproj", "{60619D62-59FA-4864-BA5B-6F6F87997671}"
EndProject
Project("{9A19103F-16F7-4668-BE54-9A1E7A4F7556}") = "AdaptiveCards.Rendering.Xaml.XamarinForms", "Library\AdaptiveCards.Xaml.XamarinForms\AdaptiveCards.Rendering.Xaml.XamarinForms.csproj", "{DB82345E-F623-4C55-89F5-CD9709A0AF44}"
EndProject
Project("{9A19103F-16F7-4668-BE54-9A1E7A4F7556}") = "AdaptiveCards", "Library\AdaptiveCards\AdaptiveCards.csproj", "{FC4A3527-05A2-4297-98D3-CB1CB512FFDA}"
EndProject
Project("{FAE04EC0-301F-11D3-BF4B-00C04F79EFBC}") = "AdaptiveCards.Rendering.Html", "Library\AdaptiveCards.Html\AdaptiveCards.Rendering.Html.csproj", "{13F4F606-87AA-4543-A37E-7118FD72C39B}"
EndProject
Project("{FAE04EC0-301F-11D3-BF4B-00C04F79EFBC}") = "AdaptiveCards.Sample.WPFVisualizer", "Samples\WPFVisualizer\AdaptiveCards.Sample.WPFVisualizer.csproj", "{96144C6C-2E37-4A84-95AB-7F01D9222F2F}"
EndProject
Project("{9A19103F-16F7-4668-BE54-9A1E7A4F7556}") = "AdaptiveCards.Sample.BotClient", "Samples\XamarinFormsBotClient\AdaptiveCards.Sample.BotClient\AdaptiveCards.Sample.BotClient.csproj", "{AC638FF4-8E90-44E1-9F6D-9089F6D14DD4}"
EndProject
Project("{FAE04EC0-301F-11D3-BF4B-00C04F79EFBC}") = "AdaptiveCards.Sample.BotClient.Droid", "Samples\XamarinFormsBotClient\AdaptiveCards.Sample.BotClient.Droid\AdaptiveCards.Sample.BotClient.Droid.csproj", "{17B8EF80-B2D0-4B0D-B73E-BC462492333E}"
EndProject
Project("{FAE04EC0-301F-11D3-BF4B-00C04F79EFBC}") = "AdaptiveCards.Sample.BotClient.UWP", "Samples\XamarinFormsBotClient\AdaptiveCards.Sample.BotClient.UWP\AdaptiveCards.Sample.BotClient.UWP.csproj", "{732594E9-8585-4EE8-ABA7-70F4AEDC56AF}"
EndProject
Project("{2150E333-8FDC-42A3-9474-1A3956D46DE8}") = "WPFVisualizer", "WPFVisualizer", "{C7DBAF87-4295-4AA7-AADB-959B048187FD}"
EndProject
Global
	GlobalSection(SharedMSBuildProjectFiles) = preSolution
		Library\AdaptiveCards.Xaml.Shared\AdaptiveCards.Xaml.Shared.projitems*{60619d62-59fa-4864-ba5b-6f6f87997671}*SharedItemsImports = 4
		Library\AdaptiveCards.Xaml.Shared\AdaptiveCards.Xaml.Shared.projitems*{d4e691c8-f685-4e48-83d8-a063868e5e51}*SharedItemsImports = 13
	EndGlobalSection
	GlobalSection(SolutionConfigurationPlatforms) = preSolution
		Ad-Hoc|Any CPU = Ad-Hoc|Any CPU
		Ad-Hoc|ARM = Ad-Hoc|ARM
		Ad-Hoc|iPhone = Ad-Hoc|iPhone
		Ad-Hoc|iPhoneSimulator = Ad-Hoc|iPhoneSimulator
		Ad-Hoc|x64 = Ad-Hoc|x64
		Ad-Hoc|x86 = Ad-Hoc|x86
		AppStore|Any CPU = AppStore|Any CPU
		AppStore|ARM = AppStore|ARM
		AppStore|iPhone = AppStore|iPhone
		AppStore|iPhoneSimulator = AppStore|iPhoneSimulator
		AppStore|x64 = AppStore|x64
		AppStore|x86 = AppStore|x86
		Debug|Any CPU = Debug|Any CPU
		Debug|ARM = Debug|ARM
		Debug|iPhone = Debug|iPhone
		Debug|iPhoneSimulator = Debug|iPhoneSimulator
		Debug|x64 = Debug|x64
		Debug|x86 = Debug|x86
		Release|Any CPU = Release|Any CPU
		Release|ARM = Release|ARM
		Release|iPhone = Release|iPhone
		Release|iPhoneSimulator = Release|iPhoneSimulator
		Release|x64 = Release|x64
		Release|x86 = Release|x86
	EndGlobalSection
	GlobalSection(ProjectConfigurationPlatforms) = postSolution
		{E4BD01CF-4B8B-491C-A6FE-9A8BF6550111}.Ad-Hoc|Any CPU.ActiveCfg = Release|Any CPU
		{E4BD01CF-4B8B-491C-A6FE-9A8BF6550111}.Ad-Hoc|Any CPU.Build.0 = Release|Any CPU
		{E4BD01CF-4B8B-491C-A6FE-9A8BF6550111}.Ad-Hoc|ARM.ActiveCfg = Release|Any CPU
		{E4BD01CF-4B8B-491C-A6FE-9A8BF6550111}.Ad-Hoc|ARM.Build.0 = Release|Any CPU
		{E4BD01CF-4B8B-491C-A6FE-9A8BF6550111}.Ad-Hoc|iPhone.ActiveCfg = Release|Any CPU
		{E4BD01CF-4B8B-491C-A6FE-9A8BF6550111}.Ad-Hoc|iPhone.Build.0 = Release|Any CPU
		{E4BD01CF-4B8B-491C-A6FE-9A8BF6550111}.Ad-Hoc|iPhoneSimulator.ActiveCfg = Release|Any CPU
		{E4BD01CF-4B8B-491C-A6FE-9A8BF6550111}.Ad-Hoc|iPhoneSimulator.Build.0 = Release|Any CPU
		{E4BD01CF-4B8B-491C-A6FE-9A8BF6550111}.Ad-Hoc|x64.ActiveCfg = Release|Any CPU
		{E4BD01CF-4B8B-491C-A6FE-9A8BF6550111}.Ad-Hoc|x64.Build.0 = Release|Any CPU
		{E4BD01CF-4B8B-491C-A6FE-9A8BF6550111}.Ad-Hoc|x86.ActiveCfg = Release|Any CPU
		{E4BD01CF-4B8B-491C-A6FE-9A8BF6550111}.Ad-Hoc|x86.Build.0 = Release|Any CPU
		{E4BD01CF-4B8B-491C-A6FE-9A8BF6550111}.AppStore|Any CPU.ActiveCfg = Release|Any CPU
		{E4BD01CF-4B8B-491C-A6FE-9A8BF6550111}.AppStore|Any CPU.Build.0 = Release|Any CPU
		{E4BD01CF-4B8B-491C-A6FE-9A8BF6550111}.AppStore|ARM.ActiveCfg = Release|Any CPU
		{E4BD01CF-4B8B-491C-A6FE-9A8BF6550111}.AppStore|ARM.Build.0 = Release|Any CPU
		{E4BD01CF-4B8B-491C-A6FE-9A8BF6550111}.AppStore|iPhone.ActiveCfg = Release|Any CPU
		{E4BD01CF-4B8B-491C-A6FE-9A8BF6550111}.AppStore|iPhone.Build.0 = Release|Any CPU
		{E4BD01CF-4B8B-491C-A6FE-9A8BF6550111}.AppStore|iPhoneSimulator.ActiveCfg = Release|Any CPU
		{E4BD01CF-4B8B-491C-A6FE-9A8BF6550111}.AppStore|iPhoneSimulator.Build.0 = Release|Any CPU
		{E4BD01CF-4B8B-491C-A6FE-9A8BF6550111}.AppStore|x64.ActiveCfg = Release|Any CPU
		{E4BD01CF-4B8B-491C-A6FE-9A8BF6550111}.AppStore|x64.Build.0 = Release|Any CPU
		{E4BD01CF-4B8B-491C-A6FE-9A8BF6550111}.AppStore|x86.ActiveCfg = Release|Any CPU
		{E4BD01CF-4B8B-491C-A6FE-9A8BF6550111}.AppStore|x86.Build.0 = Release|Any CPU
		{E4BD01CF-4B8B-491C-A6FE-9A8BF6550111}.Debug|Any CPU.ActiveCfg = Debug|Any CPU
		{E4BD01CF-4B8B-491C-A6FE-9A8BF6550111}.Debug|Any CPU.Build.0 = Debug|Any CPU
		{E4BD01CF-4B8B-491C-A6FE-9A8BF6550111}.Debug|ARM.ActiveCfg = Debug|Any CPU
		{E4BD01CF-4B8B-491C-A6FE-9A8BF6550111}.Debug|ARM.Build.0 = Debug|Any CPU
		{E4BD01CF-4B8B-491C-A6FE-9A8BF6550111}.Debug|iPhone.ActiveCfg = Debug|Any CPU
		{E4BD01CF-4B8B-491C-A6FE-9A8BF6550111}.Debug|iPhone.Build.0 = Debug|Any CPU
		{E4BD01CF-4B8B-491C-A6FE-9A8BF6550111}.Debug|iPhoneSimulator.ActiveCfg = Debug|Any CPU
		{E4BD01CF-4B8B-491C-A6FE-9A8BF6550111}.Debug|iPhoneSimulator.Build.0 = Debug|Any CPU
		{E4BD01CF-4B8B-491C-A6FE-9A8BF6550111}.Debug|x64.ActiveCfg = Debug|Any CPU
		{E4BD01CF-4B8B-491C-A6FE-9A8BF6550111}.Debug|x64.Build.0 = Debug|Any CPU
		{E4BD01CF-4B8B-491C-A6FE-9A8BF6550111}.Debug|x86.ActiveCfg = Debug|Any CPU
		{E4BD01CF-4B8B-491C-A6FE-9A8BF6550111}.Debug|x86.Build.0 = Debug|Any CPU
		{E4BD01CF-4B8B-491C-A6FE-9A8BF6550111}.Release|Any CPU.ActiveCfg = Release|Any CPU
		{E4BD01CF-4B8B-491C-A6FE-9A8BF6550111}.Release|Any CPU.Build.0 = Release|Any CPU
		{E4BD01CF-4B8B-491C-A6FE-9A8BF6550111}.Release|ARM.ActiveCfg = Release|Any CPU
		{E4BD01CF-4B8B-491C-A6FE-9A8BF6550111}.Release|ARM.Build.0 = Release|Any CPU
		{E4BD01CF-4B8B-491C-A6FE-9A8BF6550111}.Release|iPhone.ActiveCfg = Release|Any CPU
		{E4BD01CF-4B8B-491C-A6FE-9A8BF6550111}.Release|iPhone.Build.0 = Release|Any CPU
		{E4BD01CF-4B8B-491C-A6FE-9A8BF6550111}.Release|iPhoneSimulator.ActiveCfg = Release|Any CPU
		{E4BD01CF-4B8B-491C-A6FE-9A8BF6550111}.Release|iPhoneSimulator.Build.0 = Release|Any CPU
		{E4BD01CF-4B8B-491C-A6FE-9A8BF6550111}.Release|x64.ActiveCfg = Release|Any CPU
		{E4BD01CF-4B8B-491C-A6FE-9A8BF6550111}.Release|x64.Build.0 = Release|Any CPU
		{E4BD01CF-4B8B-491C-A6FE-9A8BF6550111}.Release|x86.ActiveCfg = Release|Any CPU
		{E4BD01CF-4B8B-491C-A6FE-9A8BF6550111}.Release|x86.Build.0 = Release|Any CPU
		{60619D62-59FA-4864-BA5B-6F6F87997671}.Ad-Hoc|Any CPU.ActiveCfg = Release|Any CPU
		{60619D62-59FA-4864-BA5B-6F6F87997671}.Ad-Hoc|Any CPU.Build.0 = Release|Any CPU
		{60619D62-59FA-4864-BA5B-6F6F87997671}.Ad-Hoc|ARM.ActiveCfg = Release|Any CPU
		{60619D62-59FA-4864-BA5B-6F6F87997671}.Ad-Hoc|ARM.Build.0 = Release|Any CPU
		{60619D62-59FA-4864-BA5B-6F6F87997671}.Ad-Hoc|iPhone.ActiveCfg = Release|Any CPU
		{60619D62-59FA-4864-BA5B-6F6F87997671}.Ad-Hoc|iPhone.Build.0 = Release|Any CPU
		{60619D62-59FA-4864-BA5B-6F6F87997671}.Ad-Hoc|iPhoneSimulator.ActiveCfg = Release|Any CPU
		{60619D62-59FA-4864-BA5B-6F6F87997671}.Ad-Hoc|iPhoneSimulator.Build.0 = Release|Any CPU
		{60619D62-59FA-4864-BA5B-6F6F87997671}.Ad-Hoc|x64.ActiveCfg = Release|Any CPU
		{60619D62-59FA-4864-BA5B-6F6F87997671}.Ad-Hoc|x64.Build.0 = Release|Any CPU
		{60619D62-59FA-4864-BA5B-6F6F87997671}.Ad-Hoc|x86.ActiveCfg = Release|Any CPU
		{60619D62-59FA-4864-BA5B-6F6F87997671}.Ad-Hoc|x86.Build.0 = Release|Any CPU
		{60619D62-59FA-4864-BA5B-6F6F87997671}.AppStore|Any CPU.ActiveCfg = Release|Any CPU
		{60619D62-59FA-4864-BA5B-6F6F87997671}.AppStore|Any CPU.Build.0 = Release|Any CPU
		{60619D62-59FA-4864-BA5B-6F6F87997671}.AppStore|ARM.ActiveCfg = Release|Any CPU
		{60619D62-59FA-4864-BA5B-6F6F87997671}.AppStore|ARM.Build.0 = Release|Any CPU
		{60619D62-59FA-4864-BA5B-6F6F87997671}.AppStore|iPhone.ActiveCfg = Release|Any CPU
		{60619D62-59FA-4864-BA5B-6F6F87997671}.AppStore|iPhone.Build.0 = Release|Any CPU
		{60619D62-59FA-4864-BA5B-6F6F87997671}.AppStore|iPhoneSimulator.ActiveCfg = Release|Any CPU
		{60619D62-59FA-4864-BA5B-6F6F87997671}.AppStore|iPhoneSimulator.Build.0 = Release|Any CPU
		{60619D62-59FA-4864-BA5B-6F6F87997671}.AppStore|x64.ActiveCfg = Release|Any CPU
		{60619D62-59FA-4864-BA5B-6F6F87997671}.AppStore|x64.Build.0 = Release|Any CPU
		{60619D62-59FA-4864-BA5B-6F6F87997671}.AppStore|x86.ActiveCfg = Release|Any CPU
		{60619D62-59FA-4864-BA5B-6F6F87997671}.AppStore|x86.Build.0 = Release|Any CPU
		{60619D62-59FA-4864-BA5B-6F6F87997671}.Debug|Any CPU.ActiveCfg = Debug|Any CPU
		{60619D62-59FA-4864-BA5B-6F6F87997671}.Debug|Any CPU.Build.0 = Debug|Any CPU
		{60619D62-59FA-4864-BA5B-6F6F87997671}.Debug|ARM.ActiveCfg = Debug|Any CPU
		{60619D62-59FA-4864-BA5B-6F6F87997671}.Debug|ARM.Build.0 = Debug|Any CPU
		{60619D62-59FA-4864-BA5B-6F6F87997671}.Debug|iPhone.ActiveCfg = Debug|Any CPU
		{60619D62-59FA-4864-BA5B-6F6F87997671}.Debug|iPhone.Build.0 = Debug|Any CPU
		{60619D62-59FA-4864-BA5B-6F6F87997671}.Debug|iPhoneSimulator.ActiveCfg = Debug|Any CPU
		{60619D62-59FA-4864-BA5B-6F6F87997671}.Debug|iPhoneSimulator.Build.0 = Debug|Any CPU
		{60619D62-59FA-4864-BA5B-6F6F87997671}.Debug|x64.ActiveCfg = Debug|Any CPU
		{60619D62-59FA-4864-BA5B-6F6F87997671}.Debug|x64.Build.0 = Debug|Any CPU
		{60619D62-59FA-4864-BA5B-6F6F87997671}.Debug|x86.ActiveCfg = Debug|Any CPU
		{60619D62-59FA-4864-BA5B-6F6F87997671}.Debug|x86.Build.0 = Debug|Any CPU
		{60619D62-59FA-4864-BA5B-6F6F87997671}.Release|Any CPU.ActiveCfg = Release|Any CPU
		{60619D62-59FA-4864-BA5B-6F6F87997671}.Release|Any CPU.Build.0 = Release|Any CPU
		{60619D62-59FA-4864-BA5B-6F6F87997671}.Release|ARM.ActiveCfg = Release|Any CPU
		{60619D62-59FA-4864-BA5B-6F6F87997671}.Release|ARM.Build.0 = Release|Any CPU
		{60619D62-59FA-4864-BA5B-6F6F87997671}.Release|iPhone.ActiveCfg = Release|Any CPU
		{60619D62-59FA-4864-BA5B-6F6F87997671}.Release|iPhone.Build.0 = Release|Any CPU
		{60619D62-59FA-4864-BA5B-6F6F87997671}.Release|iPhoneSimulator.ActiveCfg = Release|Any CPU
		{60619D62-59FA-4864-BA5B-6F6F87997671}.Release|iPhoneSimulator.Build.0 = Release|Any CPU
		{60619D62-59FA-4864-BA5B-6F6F87997671}.Release|x64.ActiveCfg = Release|Any CPU
		{60619D62-59FA-4864-BA5B-6F6F87997671}.Release|x64.Build.0 = Release|Any CPU
		{60619D62-59FA-4864-BA5B-6F6F87997671}.Release|x86.ActiveCfg = Release|Any CPU
		{60619D62-59FA-4864-BA5B-6F6F87997671}.Release|x86.Build.0 = Release|Any CPU
		{DB82345E-F623-4C55-89F5-CD9709A0AF44}.Ad-Hoc|Any CPU.ActiveCfg = Debug|Any CPU
		{DB82345E-F623-4C55-89F5-CD9709A0AF44}.Ad-Hoc|Any CPU.Build.0 = Debug|Any CPU
		{DB82345E-F623-4C55-89F5-CD9709A0AF44}.Ad-Hoc|ARM.ActiveCfg = Debug|Any CPU
		{DB82345E-F623-4C55-89F5-CD9709A0AF44}.Ad-Hoc|ARM.Build.0 = Debug|Any CPU
		{DB82345E-F623-4C55-89F5-CD9709A0AF44}.Ad-Hoc|iPhone.ActiveCfg = Debug|Any CPU
		{DB82345E-F623-4C55-89F5-CD9709A0AF44}.Ad-Hoc|iPhone.Build.0 = Debug|Any CPU
		{DB82345E-F623-4C55-89F5-CD9709A0AF44}.Ad-Hoc|iPhoneSimulator.ActiveCfg = Debug|Any CPU
		{DB82345E-F623-4C55-89F5-CD9709A0AF44}.Ad-Hoc|iPhoneSimulator.Build.0 = Debug|Any CPU
		{DB82345E-F623-4C55-89F5-CD9709A0AF44}.Ad-Hoc|x64.ActiveCfg = Debug|Any CPU
		{DB82345E-F623-4C55-89F5-CD9709A0AF44}.Ad-Hoc|x64.Build.0 = Debug|Any CPU
		{DB82345E-F623-4C55-89F5-CD9709A0AF44}.Ad-Hoc|x86.ActiveCfg = Debug|Any CPU
		{DB82345E-F623-4C55-89F5-CD9709A0AF44}.Ad-Hoc|x86.Build.0 = Debug|Any CPU
		{DB82345E-F623-4C55-89F5-CD9709A0AF44}.AppStore|Any CPU.ActiveCfg = Debug|Any CPU
		{DB82345E-F623-4C55-89F5-CD9709A0AF44}.AppStore|Any CPU.Build.0 = Debug|Any CPU
		{DB82345E-F623-4C55-89F5-CD9709A0AF44}.AppStore|ARM.ActiveCfg = Debug|Any CPU
		{DB82345E-F623-4C55-89F5-CD9709A0AF44}.AppStore|ARM.Build.0 = Debug|Any CPU
		{DB82345E-F623-4C55-89F5-CD9709A0AF44}.AppStore|iPhone.ActiveCfg = Debug|Any CPU
		{DB82345E-F623-4C55-89F5-CD9709A0AF44}.AppStore|iPhone.Build.0 = Debug|Any CPU
		{DB82345E-F623-4C55-89F5-CD9709A0AF44}.AppStore|iPhoneSimulator.ActiveCfg = Debug|Any CPU
		{DB82345E-F623-4C55-89F5-CD9709A0AF44}.AppStore|iPhoneSimulator.Build.0 = Debug|Any CPU
		{DB82345E-F623-4C55-89F5-CD9709A0AF44}.AppStore|x64.ActiveCfg = Debug|Any CPU
		{DB82345E-F623-4C55-89F5-CD9709A0AF44}.AppStore|x64.Build.0 = Debug|Any CPU
		{DB82345E-F623-4C55-89F5-CD9709A0AF44}.AppStore|x86.ActiveCfg = Debug|Any CPU
		{DB82345E-F623-4C55-89F5-CD9709A0AF44}.AppStore|x86.Build.0 = Debug|Any CPU
		{DB82345E-F623-4C55-89F5-CD9709A0AF44}.Debug|Any CPU.ActiveCfg = Debug|Any CPU
		{DB82345E-F623-4C55-89F5-CD9709A0AF44}.Debug|Any CPU.Build.0 = Debug|Any CPU
		{DB82345E-F623-4C55-89F5-CD9709A0AF44}.Debug|ARM.ActiveCfg = Debug|Any CPU
		{DB82345E-F623-4C55-89F5-CD9709A0AF44}.Debug|ARM.Build.0 = Debug|Any CPU
		{DB82345E-F623-4C55-89F5-CD9709A0AF44}.Debug|iPhone.ActiveCfg = Debug|Any CPU
		{DB82345E-F623-4C55-89F5-CD9709A0AF44}.Debug|iPhone.Build.0 = Debug|Any CPU
		{DB82345E-F623-4C55-89F5-CD9709A0AF44}.Debug|iPhoneSimulator.ActiveCfg = Debug|Any CPU
		{DB82345E-F623-4C55-89F5-CD9709A0AF44}.Debug|iPhoneSimulator.Build.0 = Debug|Any CPU
		{DB82345E-F623-4C55-89F5-CD9709A0AF44}.Debug|x64.ActiveCfg = Debug|Any CPU
		{DB82345E-F623-4C55-89F5-CD9709A0AF44}.Debug|x64.Build.0 = Debug|Any CPU
		{DB82345E-F623-4C55-89F5-CD9709A0AF44}.Debug|x86.ActiveCfg = Debug|Any CPU
		{DB82345E-F623-4C55-89F5-CD9709A0AF44}.Debug|x86.Build.0 = Debug|Any CPU
		{DB82345E-F623-4C55-89F5-CD9709A0AF44}.Release|Any CPU.ActiveCfg = Release|Any CPU
		{DB82345E-F623-4C55-89F5-CD9709A0AF44}.Release|Any CPU.Build.0 = Release|Any CPU
		{DB82345E-F623-4C55-89F5-CD9709A0AF44}.Release|ARM.ActiveCfg = Release|Any CPU
		{DB82345E-F623-4C55-89F5-CD9709A0AF44}.Release|ARM.Build.0 = Release|Any CPU
		{DB82345E-F623-4C55-89F5-CD9709A0AF44}.Release|iPhone.ActiveCfg = Release|Any CPU
		{DB82345E-F623-4C55-89F5-CD9709A0AF44}.Release|iPhone.Build.0 = Release|Any CPU
		{DB82345E-F623-4C55-89F5-CD9709A0AF44}.Release|iPhoneSimulator.ActiveCfg = Release|Any CPU
		{DB82345E-F623-4C55-89F5-CD9709A0AF44}.Release|iPhoneSimulator.Build.0 = Release|Any CPU
		{DB82345E-F623-4C55-89F5-CD9709A0AF44}.Release|x64.ActiveCfg = Release|Any CPU
		{DB82345E-F623-4C55-89F5-CD9709A0AF44}.Release|x64.Build.0 = Release|Any CPU
		{DB82345E-F623-4C55-89F5-CD9709A0AF44}.Release|x86.ActiveCfg = Release|Any CPU
		{DB82345E-F623-4C55-89F5-CD9709A0AF44}.Release|x86.Build.0 = Release|Any CPU
		{FC4A3527-05A2-4297-98D3-CB1CB512FFDA}.Ad-Hoc|Any CPU.ActiveCfg = Debug|Any CPU
		{FC4A3527-05A2-4297-98D3-CB1CB512FFDA}.Ad-Hoc|Any CPU.Build.0 = Debug|Any CPU
		{FC4A3527-05A2-4297-98D3-CB1CB512FFDA}.Ad-Hoc|ARM.ActiveCfg = Debug|Any CPU
		{FC4A3527-05A2-4297-98D3-CB1CB512FFDA}.Ad-Hoc|ARM.Build.0 = Debug|Any CPU
		{FC4A3527-05A2-4297-98D3-CB1CB512FFDA}.Ad-Hoc|iPhone.ActiveCfg = Debug|Any CPU
		{FC4A3527-05A2-4297-98D3-CB1CB512FFDA}.Ad-Hoc|iPhone.Build.0 = Debug|Any CPU
		{FC4A3527-05A2-4297-98D3-CB1CB512FFDA}.Ad-Hoc|iPhoneSimulator.ActiveCfg = Debug|Any CPU
		{FC4A3527-05A2-4297-98D3-CB1CB512FFDA}.Ad-Hoc|iPhoneSimulator.Build.0 = Debug|Any CPU
		{FC4A3527-05A2-4297-98D3-CB1CB512FFDA}.Ad-Hoc|x64.ActiveCfg = Debug|Any CPU
		{FC4A3527-05A2-4297-98D3-CB1CB512FFDA}.Ad-Hoc|x64.Build.0 = Debug|Any CPU
		{FC4A3527-05A2-4297-98D3-CB1CB512FFDA}.Ad-Hoc|x86.ActiveCfg = Debug|Any CPU
		{FC4A3527-05A2-4297-98D3-CB1CB512FFDA}.Ad-Hoc|x86.Build.0 = Debug|Any CPU
		{FC4A3527-05A2-4297-98D3-CB1CB512FFDA}.AppStore|Any CPU.ActiveCfg = Debug|Any CPU
		{FC4A3527-05A2-4297-98D3-CB1CB512FFDA}.AppStore|Any CPU.Build.0 = Debug|Any CPU
		{FC4A3527-05A2-4297-98D3-CB1CB512FFDA}.AppStore|ARM.ActiveCfg = Debug|Any CPU
		{FC4A3527-05A2-4297-98D3-CB1CB512FFDA}.AppStore|ARM.Build.0 = Debug|Any CPU
		{FC4A3527-05A2-4297-98D3-CB1CB512FFDA}.AppStore|iPhone.ActiveCfg = Debug|Any CPU
		{FC4A3527-05A2-4297-98D3-CB1CB512FFDA}.AppStore|iPhone.Build.0 = Debug|Any CPU
		{FC4A3527-05A2-4297-98D3-CB1CB512FFDA}.AppStore|iPhoneSimulator.ActiveCfg = Debug|Any CPU
		{FC4A3527-05A2-4297-98D3-CB1CB512FFDA}.AppStore|iPhoneSimulator.Build.0 = Debug|Any CPU
		{FC4A3527-05A2-4297-98D3-CB1CB512FFDA}.AppStore|x64.ActiveCfg = Debug|Any CPU
		{FC4A3527-05A2-4297-98D3-CB1CB512FFDA}.AppStore|x64.Build.0 = Debug|Any CPU
		{FC4A3527-05A2-4297-98D3-CB1CB512FFDA}.AppStore|x86.ActiveCfg = Debug|Any CPU
		{FC4A3527-05A2-4297-98D3-CB1CB512FFDA}.AppStore|x86.Build.0 = Debug|Any CPU
		{FC4A3527-05A2-4297-98D3-CB1CB512FFDA}.Debug|Any CPU.ActiveCfg = Debug|Any CPU
		{FC4A3527-05A2-4297-98D3-CB1CB512FFDA}.Debug|Any CPU.Build.0 = Debug|Any CPU
		{FC4A3527-05A2-4297-98D3-CB1CB512FFDA}.Debug|ARM.ActiveCfg = Debug|Any CPU
		{FC4A3527-05A2-4297-98D3-CB1CB512FFDA}.Debug|ARM.Build.0 = Debug|Any CPU
		{FC4A3527-05A2-4297-98D3-CB1CB512FFDA}.Debug|iPhone.ActiveCfg = Debug|Any CPU
		{FC4A3527-05A2-4297-98D3-CB1CB512FFDA}.Debug|iPhone.Build.0 = Debug|Any CPU
		{FC4A3527-05A2-4297-98D3-CB1CB512FFDA}.Debug|iPhoneSimulator.ActiveCfg = Debug|Any CPU
		{FC4A3527-05A2-4297-98D3-CB1CB512FFDA}.Debug|iPhoneSimulator.Build.0 = Debug|Any CPU
		{FC4A3527-05A2-4297-98D3-CB1CB512FFDA}.Debug|x64.ActiveCfg = Debug|Any CPU
		{FC4A3527-05A2-4297-98D3-CB1CB512FFDA}.Debug|x64.Build.0 = Debug|Any CPU
		{FC4A3527-05A2-4297-98D3-CB1CB512FFDA}.Debug|x86.ActiveCfg = Debug|Any CPU
		{FC4A3527-05A2-4297-98D3-CB1CB512FFDA}.Debug|x86.Build.0 = Debug|Any CPU
		{FC4A3527-05A2-4297-98D3-CB1CB512FFDA}.Release|Any CPU.ActiveCfg = Release|Any CPU
		{FC4A3527-05A2-4297-98D3-CB1CB512FFDA}.Release|Any CPU.Build.0 = Release|Any CPU
		{FC4A3527-05A2-4297-98D3-CB1CB512FFDA}.Release|ARM.ActiveCfg = Release|Any CPU
		{FC4A3527-05A2-4297-98D3-CB1CB512FFDA}.Release|ARM.Build.0 = Release|Any CPU
		{FC4A3527-05A2-4297-98D3-CB1CB512FFDA}.Release|iPhone.ActiveCfg = Release|Any CPU
		{FC4A3527-05A2-4297-98D3-CB1CB512FFDA}.Release|iPhone.Build.0 = Release|Any CPU
		{FC4A3527-05A2-4297-98D3-CB1CB512FFDA}.Release|iPhoneSimulator.ActiveCfg = Release|Any CPU
		{FC4A3527-05A2-4297-98D3-CB1CB512FFDA}.Release|iPhoneSimulator.Build.0 = Release|Any CPU
		{FC4A3527-05A2-4297-98D3-CB1CB512FFDA}.Release|x64.ActiveCfg = Release|Any CPU
		{FC4A3527-05A2-4297-98D3-CB1CB512FFDA}.Release|x64.Build.0 = Release|Any CPU
		{FC4A3527-05A2-4297-98D3-CB1CB512FFDA}.Release|x86.ActiveCfg = Release|Any CPU
		{FC4A3527-05A2-4297-98D3-CB1CB512FFDA}.Release|x86.Build.0 = Release|Any CPU
		{13F4F606-87AA-4543-A37E-7118FD72C39B}.Ad-Hoc|Any CPU.ActiveCfg = Release|Any CPU
		{13F4F606-87AA-4543-A37E-7118FD72C39B}.Ad-Hoc|Any CPU.Build.0 = Release|Any CPU
		{13F4F606-87AA-4543-A37E-7118FD72C39B}.Ad-Hoc|ARM.ActiveCfg = Release|Any CPU
		{13F4F606-87AA-4543-A37E-7118FD72C39B}.Ad-Hoc|ARM.Build.0 = Release|Any CPU
		{13F4F606-87AA-4543-A37E-7118FD72C39B}.Ad-Hoc|iPhone.ActiveCfg = Release|Any CPU
		{13F4F606-87AA-4543-A37E-7118FD72C39B}.Ad-Hoc|iPhone.Build.0 = Release|Any CPU
		{13F4F606-87AA-4543-A37E-7118FD72C39B}.Ad-Hoc|iPhoneSimulator.ActiveCfg = Release|Any CPU
		{13F4F606-87AA-4543-A37E-7118FD72C39B}.Ad-Hoc|iPhoneSimulator.Build.0 = Release|Any CPU
		{13F4F606-87AA-4543-A37E-7118FD72C39B}.Ad-Hoc|x64.ActiveCfg = Release|Any CPU
		{13F4F606-87AA-4543-A37E-7118FD72C39B}.Ad-Hoc|x64.Build.0 = Release|Any CPU
		{13F4F606-87AA-4543-A37E-7118FD72C39B}.Ad-Hoc|x86.ActiveCfg = Release|Any CPU
		{13F4F606-87AA-4543-A37E-7118FD72C39B}.Ad-Hoc|x86.Build.0 = Release|Any CPU
		{13F4F606-87AA-4543-A37E-7118FD72C39B}.AppStore|Any CPU.ActiveCfg = Release|Any CPU
		{13F4F606-87AA-4543-A37E-7118FD72C39B}.AppStore|Any CPU.Build.0 = Release|Any CPU
		{13F4F606-87AA-4543-A37E-7118FD72C39B}.AppStore|ARM.ActiveCfg = Release|Any CPU
		{13F4F606-87AA-4543-A37E-7118FD72C39B}.AppStore|ARM.Build.0 = Release|Any CPU
		{13F4F606-87AA-4543-A37E-7118FD72C39B}.AppStore|iPhone.ActiveCfg = Release|Any CPU
		{13F4F606-87AA-4543-A37E-7118FD72C39B}.AppStore|iPhone.Build.0 = Release|Any CPU
		{13F4F606-87AA-4543-A37E-7118FD72C39B}.AppStore|iPhoneSimulator.ActiveCfg = Release|Any CPU
		{13F4F606-87AA-4543-A37E-7118FD72C39B}.AppStore|iPhoneSimulator.Build.0 = Release|Any CPU
		{13F4F606-87AA-4543-A37E-7118FD72C39B}.AppStore|x64.ActiveCfg = Release|Any CPU
		{13F4F606-87AA-4543-A37E-7118FD72C39B}.AppStore|x64.Build.0 = Release|Any CPU
		{13F4F606-87AA-4543-A37E-7118FD72C39B}.AppStore|x86.ActiveCfg = Release|Any CPU
		{13F4F606-87AA-4543-A37E-7118FD72C39B}.AppStore|x86.Build.0 = Release|Any CPU
		{13F4F606-87AA-4543-A37E-7118FD72C39B}.Debug|Any CPU.ActiveCfg = Debug|Any CPU
		{13F4F606-87AA-4543-A37E-7118FD72C39B}.Debug|Any CPU.Build.0 = Debug|Any CPU
		{13F4F606-87AA-4543-A37E-7118FD72C39B}.Debug|ARM.ActiveCfg = Debug|Any CPU
		{13F4F606-87AA-4543-A37E-7118FD72C39B}.Debug|ARM.Build.0 = Debug|Any CPU
		{13F4F606-87AA-4543-A37E-7118FD72C39B}.Debug|iPhone.ActiveCfg = Debug|Any CPU
		{13F4F606-87AA-4543-A37E-7118FD72C39B}.Debug|iPhone.Build.0 = Debug|Any CPU
		{13F4F606-87AA-4543-A37E-7118FD72C39B}.Debug|iPhoneSimulator.ActiveCfg = Debug|Any CPU
		{13F4F606-87AA-4543-A37E-7118FD72C39B}.Debug|iPhoneSimulator.Build.0 = Debug|Any CPU
		{13F4F606-87AA-4543-A37E-7118FD72C39B}.Debug|x64.ActiveCfg = Debug|Any CPU
		{13F4F606-87AA-4543-A37E-7118FD72C39B}.Debug|x64.Build.0 = Debug|Any CPU
		{13F4F606-87AA-4543-A37E-7118FD72C39B}.Debug|x86.ActiveCfg = Debug|Any CPU
		{13F4F606-87AA-4543-A37E-7118FD72C39B}.Debug|x86.Build.0 = Debug|Any CPU
		{13F4F606-87AA-4543-A37E-7118FD72C39B}.Release|Any CPU.ActiveCfg = Release|Any CPU
		{13F4F606-87AA-4543-A37E-7118FD72C39B}.Release|Any CPU.Build.0 = Release|Any CPU
		{13F4F606-87AA-4543-A37E-7118FD72C39B}.Release|ARM.ActiveCfg = Release|Any CPU
		{13F4F606-87AA-4543-A37E-7118FD72C39B}.Release|ARM.Build.0 = Release|Any CPU
		{13F4F606-87AA-4543-A37E-7118FD72C39B}.Release|iPhone.ActiveCfg = Release|Any CPU
		{13F4F606-87AA-4543-A37E-7118FD72C39B}.Release|iPhone.Build.0 = Release|Any CPU
		{13F4F606-87AA-4543-A37E-7118FD72C39B}.Release|iPhoneSimulator.ActiveCfg = Release|Any CPU
		{13F4F606-87AA-4543-A37E-7118FD72C39B}.Release|iPhoneSimulator.Build.0 = Release|Any CPU
		{13F4F606-87AA-4543-A37E-7118FD72C39B}.Release|x64.ActiveCfg = Release|Any CPU
		{13F4F606-87AA-4543-A37E-7118FD72C39B}.Release|x64.Build.0 = Release|Any CPU
		{13F4F606-87AA-4543-A37E-7118FD72C39B}.Release|x86.ActiveCfg = Release|Any CPU
		{13F4F606-87AA-4543-A37E-7118FD72C39B}.Release|x86.Build.0 = Release|Any CPU
		{96144C6C-2E37-4A84-95AB-7F01D9222F2F}.Ad-Hoc|Any CPU.ActiveCfg = Release|Any CPU
		{96144C6C-2E37-4A84-95AB-7F01D9222F2F}.Ad-Hoc|Any CPU.Build.0 = Release|Any CPU
		{96144C6C-2E37-4A84-95AB-7F01D9222F2F}.Ad-Hoc|ARM.ActiveCfg = Release|Any CPU
		{96144C6C-2E37-4A84-95AB-7F01D9222F2F}.Ad-Hoc|ARM.Build.0 = Release|Any CPU
		{96144C6C-2E37-4A84-95AB-7F01D9222F2F}.Ad-Hoc|iPhone.ActiveCfg = Release|Any CPU
		{96144C6C-2E37-4A84-95AB-7F01D9222F2F}.Ad-Hoc|iPhone.Build.0 = Release|Any CPU
		{96144C6C-2E37-4A84-95AB-7F01D9222F2F}.Ad-Hoc|iPhoneSimulator.ActiveCfg = Release|Any CPU
		{96144C6C-2E37-4A84-95AB-7F01D9222F2F}.Ad-Hoc|iPhoneSimulator.Build.0 = Release|Any CPU
		{96144C6C-2E37-4A84-95AB-7F01D9222F2F}.Ad-Hoc|x64.ActiveCfg = Release|Any CPU
		{96144C6C-2E37-4A84-95AB-7F01D9222F2F}.Ad-Hoc|x64.Build.0 = Release|Any CPU
		{96144C6C-2E37-4A84-95AB-7F01D9222F2F}.Ad-Hoc|x86.ActiveCfg = Release|Any CPU
		{96144C6C-2E37-4A84-95AB-7F01D9222F2F}.Ad-Hoc|x86.Build.0 = Release|Any CPU
		{96144C6C-2E37-4A84-95AB-7F01D9222F2F}.AppStore|Any CPU.ActiveCfg = Release|Any CPU
		{96144C6C-2E37-4A84-95AB-7F01D9222F2F}.AppStore|Any CPU.Build.0 = Release|Any CPU
		{96144C6C-2E37-4A84-95AB-7F01D9222F2F}.AppStore|ARM.ActiveCfg = Release|Any CPU
		{96144C6C-2E37-4A84-95AB-7F01D9222F2F}.AppStore|ARM.Build.0 = Release|Any CPU
		{96144C6C-2E37-4A84-95AB-7F01D9222F2F}.AppStore|iPhone.ActiveCfg = Release|Any CPU
		{96144C6C-2E37-4A84-95AB-7F01D9222F2F}.AppStore|iPhone.Build.0 = Release|Any CPU
		{96144C6C-2E37-4A84-95AB-7F01D9222F2F}.AppStore|iPhoneSimulator.ActiveCfg = Release|Any CPU
		{96144C6C-2E37-4A84-95AB-7F01D9222F2F}.AppStore|iPhoneSimulator.Build.0 = Release|Any CPU
		{96144C6C-2E37-4A84-95AB-7F01D9222F2F}.AppStore|x64.ActiveCfg = Release|Any CPU
		{96144C6C-2E37-4A84-95AB-7F01D9222F2F}.AppStore|x64.Build.0 = Release|Any CPU
		{96144C6C-2E37-4A84-95AB-7F01D9222F2F}.AppStore|x86.ActiveCfg = Release|Any CPU
		{96144C6C-2E37-4A84-95AB-7F01D9222F2F}.AppStore|x86.Build.0 = Release|Any CPU
		{96144C6C-2E37-4A84-95AB-7F01D9222F2F}.Debug|Any CPU.ActiveCfg = Debug|Any CPU
		{96144C6C-2E37-4A84-95AB-7F01D9222F2F}.Debug|Any CPU.Build.0 = Debug|Any CPU
		{96144C6C-2E37-4A84-95AB-7F01D9222F2F}.Debug|ARM.ActiveCfg = Debug|Any CPU
		{96144C6C-2E37-4A84-95AB-7F01D9222F2F}.Debug|ARM.Build.0 = Debug|Any CPU
		{96144C6C-2E37-4A84-95AB-7F01D9222F2F}.Debug|iPhone.ActiveCfg = Debug|Any CPU
		{96144C6C-2E37-4A84-95AB-7F01D9222F2F}.Debug|iPhone.Build.0 = Debug|Any CPU
		{96144C6C-2E37-4A84-95AB-7F01D9222F2F}.Debug|iPhoneSimulator.ActiveCfg = Debug|Any CPU
		{96144C6C-2E37-4A84-95AB-7F01D9222F2F}.Debug|iPhoneSimulator.Build.0 = Debug|Any CPU
		{96144C6C-2E37-4A84-95AB-7F01D9222F2F}.Debug|x64.ActiveCfg = Debug|Any CPU
		{96144C6C-2E37-4A84-95AB-7F01D9222F2F}.Debug|x64.Build.0 = Debug|Any CPU
		{96144C6C-2E37-4A84-95AB-7F01D9222F2F}.Debug|x86.ActiveCfg = Debug|Any CPU
		{96144C6C-2E37-4A84-95AB-7F01D9222F2F}.Debug|x86.Build.0 = Debug|Any CPU
		{96144C6C-2E37-4A84-95AB-7F01D9222F2F}.Release|Any CPU.ActiveCfg = Release|Any CPU
		{96144C6C-2E37-4A84-95AB-7F01D9222F2F}.Release|Any CPU.Build.0 = Release|Any CPU
		{96144C6C-2E37-4A84-95AB-7F01D9222F2F}.Release|ARM.ActiveCfg = Release|Any CPU
		{96144C6C-2E37-4A84-95AB-7F01D9222F2F}.Release|ARM.Build.0 = Release|Any CPU
		{96144C6C-2E37-4A84-95AB-7F01D9222F2F}.Release|iPhone.ActiveCfg = Release|Any CPU
		{96144C6C-2E37-4A84-95AB-7F01D9222F2F}.Release|iPhone.Build.0 = Release|Any CPU
		{96144C6C-2E37-4A84-95AB-7F01D9222F2F}.Release|iPhoneSimulator.ActiveCfg = Release|Any CPU
		{96144C6C-2E37-4A84-95AB-7F01D9222F2F}.Release|iPhoneSimulator.Build.0 = Release|Any CPU
		{96144C6C-2E37-4A84-95AB-7F01D9222F2F}.Release|x64.ActiveCfg = Release|Any CPU
		{96144C6C-2E37-4A84-95AB-7F01D9222F2F}.Release|x64.Build.0 = Release|Any CPU
		{96144C6C-2E37-4A84-95AB-7F01D9222F2F}.Release|x86.ActiveCfg = Release|Any CPU
		{96144C6C-2E37-4A84-95AB-7F01D9222F2F}.Release|x86.Build.0 = Release|Any CPU
		{AC638FF4-8E90-44E1-9F6D-9089F6D14DD4}.Ad-Hoc|Any CPU.ActiveCfg = Debug|Any CPU
		{AC638FF4-8E90-44E1-9F6D-9089F6D14DD4}.Ad-Hoc|Any CPU.Build.0 = Debug|Any CPU
		{AC638FF4-8E90-44E1-9F6D-9089F6D14DD4}.Ad-Hoc|ARM.ActiveCfg = Debug|Any CPU
		{AC638FF4-8E90-44E1-9F6D-9089F6D14DD4}.Ad-Hoc|ARM.Build.0 = Debug|Any CPU
		{AC638FF4-8E90-44E1-9F6D-9089F6D14DD4}.Ad-Hoc|iPhone.ActiveCfg = Debug|Any CPU
		{AC638FF4-8E90-44E1-9F6D-9089F6D14DD4}.Ad-Hoc|iPhone.Build.0 = Debug|Any CPU
		{AC638FF4-8E90-44E1-9F6D-9089F6D14DD4}.Ad-Hoc|iPhoneSimulator.ActiveCfg = Debug|Any CPU
		{AC638FF4-8E90-44E1-9F6D-9089F6D14DD4}.Ad-Hoc|iPhoneSimulator.Build.0 = Debug|Any CPU
		{AC638FF4-8E90-44E1-9F6D-9089F6D14DD4}.Ad-Hoc|x64.ActiveCfg = Debug|Any CPU
		{AC638FF4-8E90-44E1-9F6D-9089F6D14DD4}.Ad-Hoc|x64.Build.0 = Debug|Any CPU
		{AC638FF4-8E90-44E1-9F6D-9089F6D14DD4}.Ad-Hoc|x86.ActiveCfg = Debug|Any CPU
		{AC638FF4-8E90-44E1-9F6D-9089F6D14DD4}.Ad-Hoc|x86.Build.0 = Debug|Any CPU
		{AC638FF4-8E90-44E1-9F6D-9089F6D14DD4}.AppStore|Any CPU.ActiveCfg = Debug|Any CPU
		{AC638FF4-8E90-44E1-9F6D-9089F6D14DD4}.AppStore|Any CPU.Build.0 = Debug|Any CPU
		{AC638FF4-8E90-44E1-9F6D-9089F6D14DD4}.AppStore|ARM.ActiveCfg = Debug|Any CPU
		{AC638FF4-8E90-44E1-9F6D-9089F6D14DD4}.AppStore|ARM.Build.0 = Debug|Any CPU
		{AC638FF4-8E90-44E1-9F6D-9089F6D14DD4}.AppStore|iPhone.ActiveCfg = Debug|Any CPU
		{AC638FF4-8E90-44E1-9F6D-9089F6D14DD4}.AppStore|iPhone.Build.0 = Debug|Any CPU
		{AC638FF4-8E90-44E1-9F6D-9089F6D14DD4}.AppStore|iPhoneSimulator.ActiveCfg = Debug|Any CPU
		{AC638FF4-8E90-44E1-9F6D-9089F6D14DD4}.AppStore|iPhoneSimulator.Build.0 = Debug|Any CPU
		{AC638FF4-8E90-44E1-9F6D-9089F6D14DD4}.AppStore|x64.ActiveCfg = Debug|Any CPU
		{AC638FF4-8E90-44E1-9F6D-9089F6D14DD4}.AppStore|x64.Build.0 = Debug|Any CPU
		{AC638FF4-8E90-44E1-9F6D-9089F6D14DD4}.AppStore|x86.ActiveCfg = Debug|Any CPU
		{AC638FF4-8E90-44E1-9F6D-9089F6D14DD4}.AppStore|x86.Build.0 = Debug|Any CPU
		{AC638FF4-8E90-44E1-9F6D-9089F6D14DD4}.Debug|Any CPU.ActiveCfg = Debug|Any CPU
		{AC638FF4-8E90-44E1-9F6D-9089F6D14DD4}.Debug|Any CPU.Build.0 = Debug|Any CPU
		{AC638FF4-8E90-44E1-9F6D-9089F6D14DD4}.Debug|ARM.ActiveCfg = Debug|Any CPU
		{AC638FF4-8E90-44E1-9F6D-9089F6D14DD4}.Debug|ARM.Build.0 = Debug|Any CPU
		{AC638FF4-8E90-44E1-9F6D-9089F6D14DD4}.Debug|iPhone.ActiveCfg = Debug|Any CPU
		{AC638FF4-8E90-44E1-9F6D-9089F6D14DD4}.Debug|iPhone.Build.0 = Debug|Any CPU
		{AC638FF4-8E90-44E1-9F6D-9089F6D14DD4}.Debug|iPhoneSimulator.ActiveCfg = Debug|Any CPU
		{AC638FF4-8E90-44E1-9F6D-9089F6D14DD4}.Debug|iPhoneSimulator.Build.0 = Debug|Any CPU
		{AC638FF4-8E90-44E1-9F6D-9089F6D14DD4}.Debug|x64.ActiveCfg = Debug|Any CPU
		{AC638FF4-8E90-44E1-9F6D-9089F6D14DD4}.Debug|x64.Build.0 = Debug|Any CPU
		{AC638FF4-8E90-44E1-9F6D-9089F6D14DD4}.Debug|x86.ActiveCfg = Debug|Any CPU
		{AC638FF4-8E90-44E1-9F6D-9089F6D14DD4}.Debug|x86.Build.0 = Debug|Any CPU
		{AC638FF4-8E90-44E1-9F6D-9089F6D14DD4}.Release|Any CPU.ActiveCfg = Release|Any CPU
		{AC638FF4-8E90-44E1-9F6D-9089F6D14DD4}.Release|Any CPU.Build.0 = Release|Any CPU
		{AC638FF4-8E90-44E1-9F6D-9089F6D14DD4}.Release|ARM.ActiveCfg = Release|Any CPU
		{AC638FF4-8E90-44E1-9F6D-9089F6D14DD4}.Release|ARM.Build.0 = Release|Any CPU
		{AC638FF4-8E90-44E1-9F6D-9089F6D14DD4}.Release|iPhone.ActiveCfg = Release|Any CPU
		{AC638FF4-8E90-44E1-9F6D-9089F6D14DD4}.Release|iPhone.Build.0 = Release|Any CPU
		{AC638FF4-8E90-44E1-9F6D-9089F6D14DD4}.Release|iPhoneSimulator.ActiveCfg = Release|Any CPU
		{AC638FF4-8E90-44E1-9F6D-9089F6D14DD4}.Release|iPhoneSimulator.Build.0 = Release|Any CPU
		{AC638FF4-8E90-44E1-9F6D-9089F6D14DD4}.Release|x64.ActiveCfg = Release|Any CPU
		{AC638FF4-8E90-44E1-9F6D-9089F6D14DD4}.Release|x64.Build.0 = Release|Any CPU
		{AC638FF4-8E90-44E1-9F6D-9089F6D14DD4}.Release|x86.ActiveCfg = Release|Any CPU
		{AC638FF4-8E90-44E1-9F6D-9089F6D14DD4}.Release|x86.Build.0 = Release|Any CPU
		{17B8EF80-B2D0-4B0D-B73E-BC462492333E}.Ad-Hoc|Any CPU.ActiveCfg = Release|Any CPU
		{17B8EF80-B2D0-4B0D-B73E-BC462492333E}.Ad-Hoc|Any CPU.Build.0 = Release|Any CPU
		{17B8EF80-B2D0-4B0D-B73E-BC462492333E}.Ad-Hoc|Any CPU.Deploy.0 = Release|Any CPU
		{17B8EF80-B2D0-4B0D-B73E-BC462492333E}.Ad-Hoc|ARM.ActiveCfg = Release|Any CPU
		{17B8EF80-B2D0-4B0D-B73E-BC462492333E}.Ad-Hoc|ARM.Build.0 = Release|Any CPU
		{17B8EF80-B2D0-4B0D-B73E-BC462492333E}.Ad-Hoc|ARM.Deploy.0 = Release|Any CPU
		{17B8EF80-B2D0-4B0D-B73E-BC462492333E}.Ad-Hoc|iPhone.ActiveCfg = Release|Any CPU
		{17B8EF80-B2D0-4B0D-B73E-BC462492333E}.Ad-Hoc|iPhone.Build.0 = Release|Any CPU
		{17B8EF80-B2D0-4B0D-B73E-BC462492333E}.Ad-Hoc|iPhone.Deploy.0 = Release|Any CPU
		{17B8EF80-B2D0-4B0D-B73E-BC462492333E}.Ad-Hoc|iPhoneSimulator.ActiveCfg = Release|Any CPU
		{17B8EF80-B2D0-4B0D-B73E-BC462492333E}.Ad-Hoc|iPhoneSimulator.Build.0 = Release|Any CPU
		{17B8EF80-B2D0-4B0D-B73E-BC462492333E}.Ad-Hoc|iPhoneSimulator.Deploy.0 = Release|Any CPU
		{17B8EF80-B2D0-4B0D-B73E-BC462492333E}.Ad-Hoc|x64.ActiveCfg = Release|Any CPU
		{17B8EF80-B2D0-4B0D-B73E-BC462492333E}.Ad-Hoc|x64.Build.0 = Release|Any CPU
		{17B8EF80-B2D0-4B0D-B73E-BC462492333E}.Ad-Hoc|x64.Deploy.0 = Release|Any CPU
		{17B8EF80-B2D0-4B0D-B73E-BC462492333E}.Ad-Hoc|x86.ActiveCfg = Release|Any CPU
		{17B8EF80-B2D0-4B0D-B73E-BC462492333E}.Ad-Hoc|x86.Build.0 = Release|Any CPU
		{17B8EF80-B2D0-4B0D-B73E-BC462492333E}.Ad-Hoc|x86.Deploy.0 = Release|Any CPU
		{17B8EF80-B2D0-4B0D-B73E-BC462492333E}.AppStore|Any CPU.ActiveCfg = Release|Any CPU
		{17B8EF80-B2D0-4B0D-B73E-BC462492333E}.AppStore|Any CPU.Build.0 = Release|Any CPU
		{17B8EF80-B2D0-4B0D-B73E-BC462492333E}.AppStore|Any CPU.Deploy.0 = Release|Any CPU
		{17B8EF80-B2D0-4B0D-B73E-BC462492333E}.AppStore|ARM.ActiveCfg = Release|Any CPU
		{17B8EF80-B2D0-4B0D-B73E-BC462492333E}.AppStore|ARM.Build.0 = Release|Any CPU
		{17B8EF80-B2D0-4B0D-B73E-BC462492333E}.AppStore|ARM.Deploy.0 = Release|Any CPU
		{17B8EF80-B2D0-4B0D-B73E-BC462492333E}.AppStore|iPhone.ActiveCfg = Release|Any CPU
		{17B8EF80-B2D0-4B0D-B73E-BC462492333E}.AppStore|iPhone.Build.0 = Release|Any CPU
		{17B8EF80-B2D0-4B0D-B73E-BC462492333E}.AppStore|iPhone.Deploy.0 = Release|Any CPU
		{17B8EF80-B2D0-4B0D-B73E-BC462492333E}.AppStore|iPhoneSimulator.ActiveCfg = Release|Any CPU
		{17B8EF80-B2D0-4B0D-B73E-BC462492333E}.AppStore|iPhoneSimulator.Build.0 = Release|Any CPU
		{17B8EF80-B2D0-4B0D-B73E-BC462492333E}.AppStore|iPhoneSimulator.Deploy.0 = Release|Any CPU
		{17B8EF80-B2D0-4B0D-B73E-BC462492333E}.AppStore|x64.ActiveCfg = Release|Any CPU
		{17B8EF80-B2D0-4B0D-B73E-BC462492333E}.AppStore|x64.Build.0 = Release|Any CPU
		{17B8EF80-B2D0-4B0D-B73E-BC462492333E}.AppStore|x64.Deploy.0 = Release|Any CPU
		{17B8EF80-B2D0-4B0D-B73E-BC462492333E}.AppStore|x86.ActiveCfg = Release|Any CPU
		{17B8EF80-B2D0-4B0D-B73E-BC462492333E}.AppStore|x86.Build.0 = Release|Any CPU
		{17B8EF80-B2D0-4B0D-B73E-BC462492333E}.AppStore|x86.Deploy.0 = Release|Any CPU
		{17B8EF80-B2D0-4B0D-B73E-BC462492333E}.Debug|Any CPU.ActiveCfg = Debug|Any CPU
		{17B8EF80-B2D0-4B0D-B73E-BC462492333E}.Debug|Any CPU.Build.0 = Debug|Any CPU
		{17B8EF80-B2D0-4B0D-B73E-BC462492333E}.Debug|Any CPU.Deploy.0 = Debug|Any CPU
		{17B8EF80-B2D0-4B0D-B73E-BC462492333E}.Debug|ARM.ActiveCfg = Debug|Any CPU
		{17B8EF80-B2D0-4B0D-B73E-BC462492333E}.Debug|ARM.Build.0 = Debug|Any CPU
		{17B8EF80-B2D0-4B0D-B73E-BC462492333E}.Debug|ARM.Deploy.0 = Debug|Any CPU
		{17B8EF80-B2D0-4B0D-B73E-BC462492333E}.Debug|iPhone.ActiveCfg = Debug|Any CPU
		{17B8EF80-B2D0-4B0D-B73E-BC462492333E}.Debug|iPhone.Build.0 = Debug|Any CPU
		{17B8EF80-B2D0-4B0D-B73E-BC462492333E}.Debug|iPhone.Deploy.0 = Debug|Any CPU
		{17B8EF80-B2D0-4B0D-B73E-BC462492333E}.Debug|iPhoneSimulator.ActiveCfg = Debug|Any CPU
		{17B8EF80-B2D0-4B0D-B73E-BC462492333E}.Debug|iPhoneSimulator.Build.0 = Debug|Any CPU
		{17B8EF80-B2D0-4B0D-B73E-BC462492333E}.Debug|iPhoneSimulator.Deploy.0 = Debug|Any CPU
		{17B8EF80-B2D0-4B0D-B73E-BC462492333E}.Debug|x64.ActiveCfg = Debug|Any CPU
		{17B8EF80-B2D0-4B0D-B73E-BC462492333E}.Debug|x64.Build.0 = Debug|Any CPU
		{17B8EF80-B2D0-4B0D-B73E-BC462492333E}.Debug|x64.Deploy.0 = Debug|Any CPU
		{17B8EF80-B2D0-4B0D-B73E-BC462492333E}.Debug|x86.ActiveCfg = Debug|Any CPU
		{17B8EF80-B2D0-4B0D-B73E-BC462492333E}.Debug|x86.Build.0 = Debug|Any CPU
		{17B8EF80-B2D0-4B0D-B73E-BC462492333E}.Debug|x86.Deploy.0 = Debug|Any CPU
		{17B8EF80-B2D0-4B0D-B73E-BC462492333E}.Release|Any CPU.ActiveCfg = Release|Any CPU
		{17B8EF80-B2D0-4B0D-B73E-BC462492333E}.Release|Any CPU.Build.0 = Release|Any CPU
		{17B8EF80-B2D0-4B0D-B73E-BC462492333E}.Release|Any CPU.Deploy.0 = Release|Any CPU
		{17B8EF80-B2D0-4B0D-B73E-BC462492333E}.Release|ARM.ActiveCfg = Release|Any CPU
		{17B8EF80-B2D0-4B0D-B73E-BC462492333E}.Release|ARM.Build.0 = Release|Any CPU
		{17B8EF80-B2D0-4B0D-B73E-BC462492333E}.Release|ARM.Deploy.0 = Release|Any CPU
		{17B8EF80-B2D0-4B0D-B73E-BC462492333E}.Release|iPhone.ActiveCfg = Release|Any CPU
		{17B8EF80-B2D0-4B0D-B73E-BC462492333E}.Release|iPhone.Build.0 = Release|Any CPU
		{17B8EF80-B2D0-4B0D-B73E-BC462492333E}.Release|iPhone.Deploy.0 = Release|Any CPU
		{17B8EF80-B2D0-4B0D-B73E-BC462492333E}.Release|iPhoneSimulator.ActiveCfg = Release|Any CPU
		{17B8EF80-B2D0-4B0D-B73E-BC462492333E}.Release|iPhoneSimulator.Build.0 = Release|Any CPU
		{17B8EF80-B2D0-4B0D-B73E-BC462492333E}.Release|iPhoneSimulator.Deploy.0 = Release|Any CPU
		{17B8EF80-B2D0-4B0D-B73E-BC462492333E}.Release|x64.ActiveCfg = Release|Any CPU
		{17B8EF80-B2D0-4B0D-B73E-BC462492333E}.Release|x64.Build.0 = Release|Any CPU
		{17B8EF80-B2D0-4B0D-B73E-BC462492333E}.Release|x64.Deploy.0 = Release|Any CPU
		{17B8EF80-B2D0-4B0D-B73E-BC462492333E}.Release|x86.ActiveCfg = Release|Any CPU
		{17B8EF80-B2D0-4B0D-B73E-BC462492333E}.Release|x86.Build.0 = Release|Any CPU
		{17B8EF80-B2D0-4B0D-B73E-BC462492333E}.Release|x86.Deploy.0 = Release|Any CPU
		{732594E9-8585-4EE8-ABA7-70F4AEDC56AF}.Ad-Hoc|Any CPU.ActiveCfg = Release|x86
		{732594E9-8585-4EE8-ABA7-70F4AEDC56AF}.Ad-Hoc|Any CPU.Build.0 = Release|x86
		{732594E9-8585-4EE8-ABA7-70F4AEDC56AF}.Ad-Hoc|Any CPU.Deploy.0 = Release|x86
		{732594E9-8585-4EE8-ABA7-70F4AEDC56AF}.Ad-Hoc|ARM.ActiveCfg = Release|ARM
		{732594E9-8585-4EE8-ABA7-70F4AEDC56AF}.Ad-Hoc|ARM.Build.0 = Release|ARM
		{732594E9-8585-4EE8-ABA7-70F4AEDC56AF}.Ad-Hoc|ARM.Deploy.0 = Release|ARM
		{732594E9-8585-4EE8-ABA7-70F4AEDC56AF}.Ad-Hoc|iPhone.ActiveCfg = Release|x86
		{732594E9-8585-4EE8-ABA7-70F4AEDC56AF}.Ad-Hoc|iPhone.Build.0 = Release|x86
		{732594E9-8585-4EE8-ABA7-70F4AEDC56AF}.Ad-Hoc|iPhone.Deploy.0 = Release|x86
		{732594E9-8585-4EE8-ABA7-70F4AEDC56AF}.Ad-Hoc|iPhoneSimulator.ActiveCfg = Release|x86
		{732594E9-8585-4EE8-ABA7-70F4AEDC56AF}.Ad-Hoc|iPhoneSimulator.Build.0 = Release|x86
		{732594E9-8585-4EE8-ABA7-70F4AEDC56AF}.Ad-Hoc|iPhoneSimulator.Deploy.0 = Release|x86
		{732594E9-8585-4EE8-ABA7-70F4AEDC56AF}.Ad-Hoc|x64.ActiveCfg = Release|x64
		{732594E9-8585-4EE8-ABA7-70F4AEDC56AF}.Ad-Hoc|x64.Build.0 = Release|x64
		{732594E9-8585-4EE8-ABA7-70F4AEDC56AF}.Ad-Hoc|x64.Deploy.0 = Release|x64
		{732594E9-8585-4EE8-ABA7-70F4AEDC56AF}.Ad-Hoc|x86.ActiveCfg = Release|x86
		{732594E9-8585-4EE8-ABA7-70F4AEDC56AF}.Ad-Hoc|x86.Build.0 = Release|x86
		{732594E9-8585-4EE8-ABA7-70F4AEDC56AF}.Ad-Hoc|x86.Deploy.0 = Release|x86
		{732594E9-8585-4EE8-ABA7-70F4AEDC56AF}.AppStore|Any CPU.ActiveCfg = Release|x86
		{732594E9-8585-4EE8-ABA7-70F4AEDC56AF}.AppStore|Any CPU.Build.0 = Release|x86
		{732594E9-8585-4EE8-ABA7-70F4AEDC56AF}.AppStore|Any CPU.Deploy.0 = Release|x86
		{732594E9-8585-4EE8-ABA7-70F4AEDC56AF}.AppStore|ARM.ActiveCfg = Release|ARM
		{732594E9-8585-4EE8-ABA7-70F4AEDC56AF}.AppStore|ARM.Build.0 = Release|ARM
		{732594E9-8585-4EE8-ABA7-70F4AEDC56AF}.AppStore|ARM.Deploy.0 = Release|ARM
		{732594E9-8585-4EE8-ABA7-70F4AEDC56AF}.AppStore|iPhone.ActiveCfg = Release|x86
		{732594E9-8585-4EE8-ABA7-70F4AEDC56AF}.AppStore|iPhone.Build.0 = Release|x86
		{732594E9-8585-4EE8-ABA7-70F4AEDC56AF}.AppStore|iPhone.Deploy.0 = Release|x86
		{732594E9-8585-4EE8-ABA7-70F4AEDC56AF}.AppStore|iPhoneSimulator.ActiveCfg = Release|x86
		{732594E9-8585-4EE8-ABA7-70F4AEDC56AF}.AppStore|iPhoneSimulator.Build.0 = Release|x86
		{732594E9-8585-4EE8-ABA7-70F4AEDC56AF}.AppStore|iPhoneSimulator.Deploy.0 = Release|x86
		{732594E9-8585-4EE8-ABA7-70F4AEDC56AF}.AppStore|x64.ActiveCfg = Release|x64
		{732594E9-8585-4EE8-ABA7-70F4AEDC56AF}.AppStore|x64.Build.0 = Release|x64
		{732594E9-8585-4EE8-ABA7-70F4AEDC56AF}.AppStore|x64.Deploy.0 = Release|x64
		{732594E9-8585-4EE8-ABA7-70F4AEDC56AF}.AppStore|x86.ActiveCfg = Release|x86
		{732594E9-8585-4EE8-ABA7-70F4AEDC56AF}.AppStore|x86.Build.0 = Release|x86
		{732594E9-8585-4EE8-ABA7-70F4AEDC56AF}.AppStore|x86.Deploy.0 = Release|x86
		{732594E9-8585-4EE8-ABA7-70F4AEDC56AF}.Debug|Any CPU.ActiveCfg = Debug|x86
		{732594E9-8585-4EE8-ABA7-70F4AEDC56AF}.Debug|ARM.ActiveCfg = Debug|ARM
		{732594E9-8585-4EE8-ABA7-70F4AEDC56AF}.Debug|ARM.Build.0 = Debug|ARM
		{732594E9-8585-4EE8-ABA7-70F4AEDC56AF}.Debug|ARM.Deploy.0 = Debug|ARM
		{732594E9-8585-4EE8-ABA7-70F4AEDC56AF}.Debug|iPhone.ActiveCfg = Debug|x86
		{732594E9-8585-4EE8-ABA7-70F4AEDC56AF}.Debug|iPhoneSimulator.ActiveCfg = Debug|x86
		{732594E9-8585-4EE8-ABA7-70F4AEDC56AF}.Debug|x64.ActiveCfg = Debug|x64
		{732594E9-8585-4EE8-ABA7-70F4AEDC56AF}.Debug|x64.Build.0 = Debug|x64
		{732594E9-8585-4EE8-ABA7-70F4AEDC56AF}.Debug|x64.Deploy.0 = Debug|x64
		{732594E9-8585-4EE8-ABA7-70F4AEDC56AF}.Debug|x86.ActiveCfg = Debug|x86
		{732594E9-8585-4EE8-ABA7-70F4AEDC56AF}.Debug|x86.Build.0 = Debug|x86
		{732594E9-8585-4EE8-ABA7-70F4AEDC56AF}.Debug|x86.Deploy.0 = Debug|x86
		{732594E9-8585-4EE8-ABA7-70F4AEDC56AF}.Release|Any CPU.ActiveCfg = Release|x86
		{732594E9-8585-4EE8-ABA7-70F4AEDC56AF}.Release|ARM.ActiveCfg = Release|ARM
		{732594E9-8585-4EE8-ABA7-70F4AEDC56AF}.Release|ARM.Build.0 = Release|ARM
		{732594E9-8585-4EE8-ABA7-70F4AEDC56AF}.Release|ARM.Deploy.0 = Release|ARM
		{732594E9-8585-4EE8-ABA7-70F4AEDC56AF}.Release|iPhone.ActiveCfg = Release|x86
		{732594E9-8585-4EE8-ABA7-70F4AEDC56AF}.Release|iPhoneSimulator.ActiveCfg = Release|x86
		{732594E9-8585-4EE8-ABA7-70F4AEDC56AF}.Release|x64.ActiveCfg = Release|x64
		{732594E9-8585-4EE8-ABA7-70F4AEDC56AF}.Release|x64.Build.0 = Release|x64
		{732594E9-8585-4EE8-ABA7-70F4AEDC56AF}.Release|x64.Deploy.0 = Release|x64
		{732594E9-8585-4EE8-ABA7-70F4AEDC56AF}.Release|x86.ActiveCfg = Release|x86
		{732594E9-8585-4EE8-ABA7-70F4AEDC56AF}.Release|x86.Build.0 = Release|x86
		{732594E9-8585-4EE8-ABA7-70F4AEDC56AF}.Release|x86.Deploy.0 = Release|x86
	EndGlobalSection
	GlobalSection(SolutionProperties) = preSolution
		HideSolutionNode = FALSE
	EndGlobalSection
	GlobalSection(NestedProjects) = preSolution
		{C9B1806D-08AC-46AD-B34A-7610E2BA38B8} = {C443BF0A-C616-4E98-8994-C5BAE76AE556}
		{E4BD01CF-4B8B-491C-A6FE-9A8BF6550111} = {C7727147-4AD9-4005-A8D0-EEEED82347D3}
		{D4E691C8-F685-4E48-83D8-A063868E5E51} = {C7727147-4AD9-4005-A8D0-EEEED82347D3}
		{60619D62-59FA-4864-BA5B-6F6F87997671} = {C7727147-4AD9-4005-A8D0-EEEED82347D3}
		{DB82345E-F623-4C55-89F5-CD9709A0AF44} = {C7727147-4AD9-4005-A8D0-EEEED82347D3}
		{FC4A3527-05A2-4297-98D3-CB1CB512FFDA} = {C7727147-4AD9-4005-A8D0-EEEED82347D3}
		{13F4F606-87AA-4543-A37E-7118FD72C39B} = {C7727147-4AD9-4005-A8D0-EEEED82347D3}
		{96144C6C-2E37-4A84-95AB-7F01D9222F2F} = {C7DBAF87-4295-4AA7-AADB-959B048187FD}
		{AC638FF4-8E90-44E1-9F6D-9089F6D14DD4} = {C9B1806D-08AC-46AD-B34A-7610E2BA38B8}
		{17B8EF80-B2D0-4B0D-B73E-BC462492333E} = {C9B1806D-08AC-46AD-B34A-7610E2BA38B8}
		{732594E9-8585-4EE8-ABA7-70F4AEDC56AF} = {C9B1806D-08AC-46AD-B34A-7610E2BA38B8}
		{C7DBAF87-4295-4AA7-AADB-959B048187FD} = {C443BF0A-C616-4E98-8994-C5BAE76AE556}
	EndGlobalSection
EndGlobal
