
Microsoft Visual Studio Solution File, Format Version 12.00
# Visual Studio 14
VisualStudioVersion = 14.0.25420.1
MinimumVisualStudioVersion = 10.0.40219.1
Project("{2150E333-8FDC-42A3-9474-1A3956D46DE8}") = "Renderers", "Renderers", "{412460AB-E5CC-4605-8813-7EFFC924D990}"
EndProject
Project("{2150E333-8FDC-42A3-9474-1A3956D46DE8}") = "Visualizer", "Visualizer", "{CD8C128A-ABFB-43F8-B86A-8CC06FB0C7AA}"
EndProject
Project("{2150E333-8FDC-42A3-9474-1A3956D46DE8}") = "Builders", "Builders", "{CB015F2B-73A6-45E8-9066-77154240257B}"
EndProject
Project("{2150E333-8FDC-42A3-9474-1A3956D46DE8}") = ".NET", ".NET", "{38D9E098-DD38-49B7-B861-917FA527D346}"
EndProject
Project("{FAE04EC0-301F-11D3-BF4B-00C04F79EFBC}") = "WpfVisualizer", "WpfVisualizer\WpfVisualizer.csproj", "{012406C8-BB8F-493B-A3A1-0D02214ADAA1}"
EndProject
Project("{FAE04EC0-301F-11D3-BF4B-00C04F79EFBC}") = "Adaptive.Renderers.Xaml", "Renderers\XamlRenderer\Adaptive.Renderers.Xaml.csproj", "{60619D62-59FA-4864-BA5B-6F6F87997671}"
EndProject
Project("{E24C65DC-7377-472B-9ABA-BC803B73C61A}") = "schemas", "schemas\", "{A2239944-25C4-4E32-907A-5EED7DA67DFE}"
	ProjectSection(WebsiteProperties) = preProject
		TargetFrameworkMoniker = ".NETFramework,Version%3Dv4.0"
		Debug.AspNetCompiler.VirtualPath = "/localhost_13406"
		Debug.AspNetCompiler.PhysicalPath = "schemas\"
		Debug.AspNetCompiler.TargetPath = "PrecompiledWeb\localhost_13406\"
		Debug.AspNetCompiler.Updateable = "true"
		Debug.AspNetCompiler.ForceOverwrite = "true"
		Debug.AspNetCompiler.FixedNames = "false"
		Debug.AspNetCompiler.Debug = "True"
		Release.AspNetCompiler.VirtualPath = "/localhost_13406"
		Release.AspNetCompiler.PhysicalPath = "schemas\"
		Release.AspNetCompiler.TargetPath = "PrecompiledWeb\localhost_13406\"
		Release.AspNetCompiler.Updateable = "true"
		Release.AspNetCompiler.ForceOverwrite = "true"
		Release.AspNetCompiler.FixedNames = "false"
		Release.AspNetCompiler.Debug = "False"
		VWDPort = "13406"
		SlnRelativePath = "schemas\"
	EndProjectSection
EndProject
Project("{FAE04EC0-301F-11D3-BF4B-00C04F79EFBC}") = "Adaptive.NET", "builders\.NET\Adaptive.Net\Adaptive.NET.csproj", "{1B1D0934-2B03-42A5-8322-D480CDFDD55B}"
EndProject
Project("{E24C65DC-7377-472B-9ABA-BC803B73C61A}") = "samples", "samples\", "{E96AB14C-D2E6-4D92-8DE9-9BE90D72D41B}"
	ProjectSection(WebsiteProperties) = preProject
		TargetFrameworkMoniker = ".NETFramework,Version%3Dv4.0"
		Debug.AspNetCompiler.VirtualPath = "/localhost_2069"
		Debug.AspNetCompiler.PhysicalPath = "samples\"
		Debug.AspNetCompiler.TargetPath = "PrecompiledWeb\localhost_2069\"
		Debug.AspNetCompiler.Updateable = "true"
		Debug.AspNetCompiler.ForceOverwrite = "true"
		Debug.AspNetCompiler.FixedNames = "false"
		Debug.AspNetCompiler.Debug = "True"
		Release.AspNetCompiler.VirtualPath = "/localhost_2069"
		Release.AspNetCompiler.PhysicalPath = "samples\"
		Release.AspNetCompiler.TargetPath = "PrecompiledWeb\localhost_2069\"
		Release.AspNetCompiler.Updateable = "true"
		Release.AspNetCompiler.ForceOverwrite = "true"
		Release.AspNetCompiler.FixedNames = "false"
		Release.AspNetCompiler.Debug = "False"
		VWDPort = "2069"
		SlnRelativePath = "samples\"
	EndProjectSection
EndProject
Global
	GlobalSection(SolutionConfigurationPlatforms) = preSolution
		Debug|Any CPU = Debug|Any CPU
		Release|Any CPU = Release|Any CPU
	EndGlobalSection
	GlobalSection(ProjectConfigurationPlatforms) = postSolution
		{012406C8-BB8F-493B-A3A1-0D02214ADAA1}.Debug|Any CPU.ActiveCfg = Debug|Any CPU
		{012406C8-BB8F-493B-A3A1-0D02214ADAA1}.Debug|Any CPU.Build.0 = Debug|Any CPU
		{012406C8-BB8F-493B-A3A1-0D02214ADAA1}.Release|Any CPU.ActiveCfg = Release|Any CPU
		{012406C8-BB8F-493B-A3A1-0D02214ADAA1}.Release|Any CPU.Build.0 = Release|Any CPU
		{60619D62-59FA-4864-BA5B-6F6F87997671}.Debug|Any CPU.ActiveCfg = Debug|Any CPU
		{60619D62-59FA-4864-BA5B-6F6F87997671}.Debug|Any CPU.Build.0 = Debug|Any CPU
		{60619D62-59FA-4864-BA5B-6F6F87997671}.Release|Any CPU.ActiveCfg = Release|Any CPU
		{60619D62-59FA-4864-BA5B-6F6F87997671}.Release|Any CPU.Build.0 = Release|Any CPU
		{A2239944-25C4-4E32-907A-5EED7DA67DFE}.Debug|Any CPU.ActiveCfg = Debug|Any CPU
		{A2239944-25C4-4E32-907A-5EED7DA67DFE}.Debug|Any CPU.Build.0 = Debug|Any CPU
		{A2239944-25C4-4E32-907A-5EED7DA67DFE}.Release|Any CPU.ActiveCfg = Debug|Any CPU
		{A2239944-25C4-4E32-907A-5EED7DA67DFE}.Release|Any CPU.Build.0 = Debug|Any CPU
		{1B1D0934-2B03-42A5-8322-D480CDFDD55B}.Debug|Any CPU.ActiveCfg = Debug|Any CPU
		{1B1D0934-2B03-42A5-8322-D480CDFDD55B}.Debug|Any CPU.Build.0 = Debug|Any CPU
		{1B1D0934-2B03-42A5-8322-D480CDFDD55B}.Release|Any CPU.ActiveCfg = Release|Any CPU
		{1B1D0934-2B03-42A5-8322-D480CDFDD55B}.Release|Any CPU.Build.0 = Release|Any CPU
		{E96AB14C-D2E6-4D92-8DE9-9BE90D72D41B}.Debug|Any CPU.ActiveCfg = Debug|Any CPU
		{E96AB14C-D2E6-4D92-8DE9-9BE90D72D41B}.Debug|Any CPU.Build.0 = Debug|Any CPU
		{E96AB14C-D2E6-4D92-8DE9-9BE90D72D41B}.Release|Any CPU.ActiveCfg = Debug|Any CPU
		{E96AB14C-D2E6-4D92-8DE9-9BE90D72D41B}.Release|Any CPU.Build.0 = Debug|Any CPU
	EndGlobalSection
	GlobalSection(SolutionProperties) = preSolution
		HideSolutionNode = FALSE
	EndGlobalSection
	GlobalSection(NestedProjects) = preSolution
		{38D9E098-DD38-49B7-B861-917FA527D346} = {CB015F2B-73A6-45E8-9066-77154240257B}
		{012406C8-BB8F-493B-A3A1-0D02214ADAA1} = {CD8C128A-ABFB-43F8-B86A-8CC06FB0C7AA}
		{60619D62-59FA-4864-BA5B-6F6F87997671} = {412460AB-E5CC-4605-8813-7EFFC924D990}
		{1B1D0934-2B03-42A5-8322-D480CDFDD55B} = {38D9E098-DD38-49B7-B861-917FA527D346}
	EndGlobalSection
EndGlobal
